// !$*UTF8*$!
{
	archiveVersion = 1;
	classes = {
	};
	objectVersion = 46;
	objects = {

/* Begin PBXBuildFile section */
		680546A1D10E5FAB51093899 /* Pods_Dayang.framework in Frameworks */ = {isa = PBXBuildFile; fileRef = C325084A30EAD44F49FCF86B /* Pods_Dayang.framework */; };
		7E010F651F58FF8B00D593FC /* DYHUDHelper.swift in Sources */ = {isa = PBXBuildFile; fileRef = 7E010F641F58FF8B00D593FC /* DYHUDHelper.swift */; };
		7E010F671F59164200D593FC /* DYVideoPlayerView.swift in Sources */ = {isa = PBXBuildFile; fileRef = 7E010F661F59164200D593FC /* DYVideoPlayerView.swift */; };
		7E010F6B1F5972FB00D593FC /* DYPhotoPreviewAnimation.swift in Sources */ = {isa = PBXBuildFile; fileRef = 7E010F6A1F5972FB00D593FC /* DYPhotoPreviewAnimation.swift */; };
		7E01D30C1F5D3C1D000937E4 /* photo_look.png in Resources */ = {isa = PBXBuildFile; fileRef = 7E01D3051F5D3C1D000937E4 /* photo_look.png */; };
		7E01D30D1F5D3C1D000937E4 /* photo_PlaceHolder@2x.png in Resources */ = {isa = PBXBuildFile; fileRef = 7E01D3061F5D3C1D000937E4 /* photo_PlaceHolder@2x.png */; };
		7E01D30E1F5D3C1D000937E4 /* photo_videopause@2x.png in Resources */ = {isa = PBXBuildFile; fileRef = 7E01D3071F5D3C1D000937E4 /* photo_videopause@2x.png */; };
		7E01D30F1F5D3C1D000937E4 /* photo_videopause@3x.png in Resources */ = {isa = PBXBuildFile; fileRef = 7E01D3081F5D3C1D000937E4 /* photo_videopause@3x.png */; };
		7E01D3101F5D3C1D000937E4 /* photo_videoplay@2x.png in Resources */ = {isa = PBXBuildFile; fileRef = 7E01D3091F5D3C1D000937E4 /* photo_videoplay@2x.png */; };
		7E01D3111F5D3C1D000937E4 /* photo_videoplay@3x.png in Resources */ = {isa = PBXBuildFile; fileRef = 7E01D30A1F5D3C1D000937E4 /* photo_videoplay@3x.png */; };
		7E01D3121F5D3C1D000937E4 /* photo_videothumb@2x.png in Resources */ = {isa = PBXBuildFile; fileRef = 7E01D30B1F5D3C1D000937E4 /* photo_videothumb@2x.png */; };
		7E02BF861F5F9410007BD498 /* DYCloudFileListViewController.swift in Sources */ = {isa = PBXBuildFile; fileRef = 7E02BF851F5F9410007BD498 /* DYCloudFileListViewController.swift */; };
		7E02BF881F5F946B007BD498 /* DYCloudFileModel.swift in Sources */ = {isa = PBXBuildFile; fileRef = 7E02BF871F5F946B007BD498 /* DYCloudFileModel.swift */; };
		7E02BF8A1F5F9497007BD498 /* DYCloudFileListTableViewCell.swift in Sources */ = {isa = PBXBuildFile; fileRef = 7E02BF891F5F9497007BD498 /* DYCloudFileListTableViewCell.swift */; };
		7E24B7841FEB63EB0016B9F1 /* DYNetConfig.swift in Sources */ = {isa = PBXBuildFile; fileRef = 7E24B7831FEB63EB0016B9F1 /* DYNetConfig.swift */; };
		7E24B7861FEB6BA90016B9F1 /* DYApiConfig.swift in Sources */ = {isa = PBXBuildFile; fileRef = 7E24B7851FEB6BA90016B9F1 /* DYApiConfig.swift */; };
		7E27373E1FD6702B0003CBDF /* DYAVRecordManager.swift in Sources */ = {isa = PBXBuildFile; fileRef = 7E27373D1FD6702B0003CBDF /* DYAVRecordManager.swift */; };
		7E2737401FD674FC0003CBDF /* DYAVRecordEncode.swift in Sources */ = {isa = PBXBuildFile; fileRef = 7E27373F1FD674FC0003CBDF /* DYAVRecordEncode.swift */; };
		7E313AAC1F53B7B800FC426D /* DYPersonalViewController.swift in Sources */ = {isa = PBXBuildFile; fileRef = 7E313AAB1F53B7B800FC426D /* DYPersonalViewController.swift */; };
		7E313AB41F53C7A000FC426D /* DYThirdPlatformKey.swift in Sources */ = {isa = PBXBuildFile; fileRef = 7E313AB31F53C7A000FC426D /* DYThirdPlatformKey.swift */; };
		7E313AB61F53CA2A00FC426D /* DYConfigThirtPlatForm.swift in Sources */ = {isa = PBXBuildFile; fileRef = 7E313AB51F53CA2A00FC426D /* DYConfigThirtPlatForm.swift */; };
		7E313ABB1F54071900FC426D /* DYPersonUIModel.swift in Sources */ = {isa = PBXBuildFile; fileRef = 7E313ABA1F54071900FC426D /* DYPersonUIModel.swift */; };
		7E313ABD1F540EC700FC426D /* DYBaseTableViewCell.swift in Sources */ = {isa = PBXBuildFile; fileRef = 7E313ABC1F540EC700FC426D /* DYBaseTableViewCell.swift */; };
		7E313ABF1F540ED900FC426D /* DYBaseCollectionViewCell.swift in Sources */ = {isa = PBXBuildFile; fileRef = 7E313ABE1F540ED900FC426D /* DYBaseCollectionViewCell.swift */; };
		7E313AC11F5414FF00FC426D /* DYKeychainServer.swift in Sources */ = {isa = PBXBuildFile; fileRef = 7E313AC01F5414FF00FC426D /* DYKeychainServer.swift */; };
		7E313AC31F54168E00FC426D /* DYLocalFilePathServer.swift in Sources */ = {isa = PBXBuildFile; fileRef = 7E313AC21F54168E00FC426D /* DYLocalFilePathServer.swift */; };
		7E4775F61F54E9900017E7EE /* UITextFieldExt.swift in Sources */ = {isa = PBXBuildFile; fileRef = 7E4775F51F54E9900017E7EE /* UITextFieldExt.swift */; };
		7E4776541F54F82F0017E7EE /* DYAlertViewHelper.swift in Sources */ = {isa = PBXBuildFile; fileRef = 7E4776531F54F82F0017E7EE /* DYAlertViewHelper.swift */; };
		7E4776561F54F8860017E7EE /* DYActionSheetHelper.swift in Sources */ = {isa = PBXBuildFile; fileRef = 7E4776551F54F8860017E7EE /* DYActionSheetHelper.swift */; };
		7E4776941F553EA80017E7EE /* DYAlbumListViewController.swift in Sources */ = {isa = PBXBuildFile; fileRef = 7E4776601F553EA80017E7EE /* DYAlbumListViewController.swift */; };
		7E4776951F553EA80017E7EE /* DYPhotoListViewController.swift in Sources */ = {isa = PBXBuildFile; fileRef = 7E4776611F553EA80017E7EE /* DYPhotoListViewController.swift */; };
		7E4776961F553EA80017E7EE /* DYPhotoPreviewController.swift in Sources */ = {isa = PBXBuildFile; fileRef = 7E4776621F553EA80017E7EE /* DYPhotoPreviewController.swift */; };
		7E4776971F553EA80017E7EE /* DYPhotosHelper.swift in Sources */ = {isa = PBXBuildFile; fileRef = 7E4776641F553EA80017E7EE /* DYPhotosHelper.swift */; };
		7E4776981F553EA80017E7EE /* DYAlbumModel.swift in Sources */ = {isa = PBXBuildFile; fileRef = 7E4776661F553EA80017E7EE /* DYAlbumModel.swift */; };
		7E4776991F553EA80017E7EE /* DYPhotoModel.swift in Sources */ = {isa = PBXBuildFile; fileRef = 7E4776671F553EA80017E7EE /* DYPhotoModel.swift */; };
		7E47769A1F553EA80017E7EE /* DYAlbumListTableViewCell.swift in Sources */ = {isa = PBXBuildFile; fileRef = 7E4776691F553EA80017E7EE /* DYAlbumListTableViewCell.swift */; };
		7E47769B1F553EA80017E7EE /* DYPhotoListCollectionCell.swift in Sources */ = {isa = PBXBuildFile; fileRef = 7E47766A1F553EA80017E7EE /* DYPhotoListCollectionCell.swift */; };
		7E47769C1F553EA80017E7EE /* WXXFileListViewController.swift in Sources */ = {isa = PBXBuildFile; fileRef = 7E47766D1F553EA80017E7EE /* WXXFileListViewController.swift */; };
		7E47769D1F553EA80017E7EE /* WXXFilePreViewViewController.swift in Sources */ = {isa = PBXBuildFile; fileRef = 7E47766E1F553EA80017E7EE /* WXXFilePreViewViewController.swift */; };
		7E47769E1F553EA80017E7EE /* File_delete.png in Resources */ = {isa = PBXBuildFile; fileRef = 7E4776701F553EA80017E7EE /* File_delete.png */; };
		7E47769F1F553EA80017E7EE /* large_ai.png in Resources */ = {isa = PBXBuildFile; fileRef = 7E4776711F553EA80017E7EE /* large_ai.png */; };
		7E4776A01F553EA80017E7EE /* large_ai@2x.png in Resources */ = {isa = PBXBuildFile; fileRef = 7E4776721F553EA80017E7EE /* large_ai@2x.png */; };
		7E4776A11F553EA80017E7EE /* large_doc.png in Resources */ = {isa = PBXBuildFile; fileRef = 7E4776731F553EA80017E7EE /* large_doc.png */; };
		7E4776A21F553EA80017E7EE /* large_doc@2x.png in Resources */ = {isa = PBXBuildFile; fileRef = 7E4776741F553EA80017E7EE /* large_doc@2x.png */; };
		7E4776A31F553EA80017E7EE /* large_file.png in Resources */ = {isa = PBXBuildFile; fileRef = 7E4776751F553EA80017E7EE /* large_file.png */; };
		7E4776A41F553EA80017E7EE /* large_file@2x.png in Resources */ = {isa = PBXBuildFile; fileRef = 7E4776761F553EA80017E7EE /* large_file@2x.png */; };
		7E4776A51F553EA80017E7EE /* large_music.png in Resources */ = {isa = PBXBuildFile; fileRef = 7E4776771F553EA80017E7EE /* large_music.png */; };
		7E4776A61F553EA80017E7EE /* large_music@2x.png in Resources */ = {isa = PBXBuildFile; fileRef = 7E4776781F553EA80017E7EE /* large_music@2x.png */; };
		7E4776A71F553EA80017E7EE /* large_pdf.png in Resources */ = {isa = PBXBuildFile; fileRef = 7E4776791F553EA80017E7EE /* large_pdf.png */; };
		7E4776A81F553EA80017E7EE /* large_pdf@2x.png in Resources */ = {isa = PBXBuildFile; fileRef = 7E47767A1F553EA80017E7EE /* large_pdf@2x.png */; };
		7E4776A91F553EA80017E7EE /* large_pic.png in Resources */ = {isa = PBXBuildFile; fileRef = 7E47767B1F553EA80017E7EE /* large_pic.png */; };
		7E4776AA1F553EA80017E7EE /* large_pic@2x.png in Resources */ = {isa = PBXBuildFile; fileRef = 7E47767C1F553EA80017E7EE /* large_pic@2x.png */; };
		7E4776AB1F553EA80017E7EE /* large_ppt.png in Resources */ = {isa = PBXBuildFile; fileRef = 7E47767D1F553EA80017E7EE /* large_ppt.png */; };
		7E4776AC1F553EA80017E7EE /* large_ppt@2x.png in Resources */ = {isa = PBXBuildFile; fileRef = 7E47767E1F553EA80017E7EE /* large_ppt@2x.png */; };
		7E4776AD1F553EA80017E7EE /* large_txt.png in Resources */ = {isa = PBXBuildFile; fileRef = 7E47767F1F553EA80017E7EE /* large_txt.png */; };
		7E4776AE1F553EA80017E7EE /* large_txt@2x.png in Resources */ = {isa = PBXBuildFile; fileRef = 7E4776801F553EA80017E7EE /* large_txt@2x.png */; };
		7E4776AF1F553EA80017E7EE /* large_unknown.png in Resources */ = {isa = PBXBuildFile; fileRef = 7E4776811F553EA80017E7EE /* large_unknown.png */; };
		7E4776B01F553EA80017E7EE /* large_unknown@2x.png in Resources */ = {isa = PBXBuildFile; fileRef = 7E4776821F553EA80017E7EE /* large_unknown@2x.png */; };
		7E4776B11F553EA80017E7EE /* large_word.png in Resources */ = {isa = PBXBuildFile; fileRef = 7E4776831F553EA80017E7EE /* large_word.png */; };
		7E4776B21F553EA80017E7EE /* large_word@2x.png in Resources */ = {isa = PBXBuildFile; fileRef = 7E4776841F553EA80017E7EE /* large_word@2x.png */; };
		7E4776B31F553EA80017E7EE /* large_xls.png in Resources */ = {isa = PBXBuildFile; fileRef = 7E4776851F553EA80017E7EE /* large_xls.png */; };
		7E4776B41F553EA80017E7EE /* large_xls@2x.png in Resources */ = {isa = PBXBuildFile; fileRef = 7E4776861F553EA80017E7EE /* large_xls@2x.png */; };
		7E4776B51F553EA80017E7EE /* large_zip.png in Resources */ = {isa = PBXBuildFile; fileRef = 7E4776871F553EA80017E7EE /* large_zip.png */; };
		7E4776B61F553EA80017E7EE /* large_zip@2x.png in Resources */ = {isa = PBXBuildFile; fileRef = 7E4776881F553EA80017E7EE /* large_zip@2x.png */; };
		7E4776B71F553EA80017E7EE /* WXXCellAnimation.swift in Sources */ = {isa = PBXBuildFile; fileRef = 7E47768A1F553EA80017E7EE /* WXXCellAnimation.swift */; };
		7E4776B81F553EA80017E7EE /* WXXFileListModel.swift in Sources */ = {isa = PBXBuildFile; fileRef = 7E47768B1F553EA80017E7EE /* WXXFileListModel.swift */; };
		7E4776B91F553EA80017E7EE /* WXXFileServer.swift in Sources */ = {isa = PBXBuildFile; fileRef = 7E47768C1F553EA80017E7EE /* WXXFileServer.swift */; };
		7E4776BA1F553EA80017E7EE /* WXXFileListCollectionViewCell.swift in Sources */ = {isa = PBXBuildFile; fileRef = 7E47768F1F553EA80017E7EE /* WXXFileListCollectionViewCell.swift */; };
		7E4776BB1F553EA80017E7EE /* WXXFileListCollectionView.swift in Sources */ = {isa = PBXBuildFile; fileRef = 7E4776901F553EA80017E7EE /* WXXFileListCollectionView.swift */; };
		7E4776BC1F553EA80017E7EE /* UIDeviceHardware.m in Sources */ = {isa = PBXBuildFile; fileRef = 7E4776931F553EA80017E7EE /* UIDeviceHardware.m */; };
		7E4776BE1F5574770017E7EE /* DYPhotosHeader.swift in Sources */ = {isa = PBXBuildFile; fileRef = 7E4776BD1F5574770017E7EE /* DYPhotosHeader.swift */; };
		7E4B4DD41FCD084C0090E6AB /* DYAVKitHelper.swift in Sources */ = {isa = PBXBuildFile; fileRef = 7E4B4DD31FCD084C0090E6AB /* DYAVKitHelper.swift */; };
		7E4B4DD71FCD09560090E6AB /* DYAVCaptureView.swift in Sources */ = {isa = PBXBuildFile; fileRef = 7E4B4DD61FCD09560090E6AB /* DYAVCaptureView.swift */; };
		7E4B4DD91FCD09770090E6AB /* DYVideoRecorderController.swift in Sources */ = {isa = PBXBuildFile; fileRef = 7E4B4DD81FCD09770090E6AB /* DYVideoRecorderController.swift */; };
		7E4B4DFB1FCD71DF0090E6AB /* DYCaptureButton.swift in Sources */ = {isa = PBXBuildFile; fileRef = 7E4B4DFA1FCD71DF0090E6AB /* DYCaptureButton.swift */; };
		7E74A4B51FDF7F120029F616 /* DYPhotoPercentInteractive.swift in Sources */ = {isa = PBXBuildFile; fileRef = 7E74A4B41FDF7F120029F616 /* DYPhotoPercentInteractive.swift */; };
		7EACB22F1F7DFE97000BD8D9 /* ThreadExt.swift in Sources */ = {isa = PBXBuildFile; fileRef = 7EACB22E1F7DFE97000BD8D9 /* ThreadExt.swift */; };
		7EB237691F5E783900CDB011 /* DYDownloadListViewController.swift in Sources */ = {isa = PBXBuildFile; fileRef = 7EB237681F5E783900CDB011 /* DYDownloadListViewController.swift */; };
		7EB2376B1F5E785400CDB011 /* DYDownloadManager.swift in Sources */ = {isa = PBXBuildFile; fileRef = 7EB2376A1F5E785400CDB011 /* DYDownloadManager.swift */; };
		7EB2376D1F5E786E00CDB011 /* DYDownloadFileModel.swift in Sources */ = {isa = PBXBuildFile; fileRef = 7EB2376C1F5E786E00CDB011 /* DYDownloadFileModel.swift */; };
		7EB2376F1F5E788C00CDB011 /* DYDownloadListTableViewCell.swift in Sources */ = {isa = PBXBuildFile; fileRef = 7EB2376E1F5E788C00CDB011 /* DYDownloadListTableViewCell.swift */; };
		7EC26D341FE1381D0077EDFE /* UIImageExt.swift in Sources */ = {isa = PBXBuildFile; fileRef = 7EC26D331FE1381C0077EDFE /* UIImageExt.swift */; };
		7ED4B78C1F4FD0030065A94F /* AppDelegate.swift in Sources */ = {isa = PBXBuildFile; fileRef = 7ED4B78B1F4FD0030065A94F /* AppDelegate.swift */; };
		7ED4B7931F4FD0030065A94F /* Assets.xcassets in Resources */ = {isa = PBXBuildFile; fileRef = 7ED4B7921F4FD0030065A94F /* Assets.xcassets */; };
		7ED4B7B61F4FF4900065A94F /* DYBaseNavigationController.swift in Sources */ = {isa = PBXBuildFile; fileRef = 7ED4B7B11F4FF4900065A94F /* DYBaseNavigationController.swift */; };
		7ED4B7B71F4FF4900065A94F /* DYBaseTabBaController.swift in Sources */ = {isa = PBXBuildFile; fileRef = 7ED4B7B21F4FF4900065A94F /* DYBaseTabBaController.swift */; };
		7ED4B7B81F4FF4900065A94F /* DYBaseTableViewController.swift in Sources */ = {isa = PBXBuildFile; fileRef = 7ED4B7B31F4FF4900065A94F /* DYBaseTableViewController.swift */; };
		7ED4B7B91F4FF4900065A94F /* DYBaseViewController.swift in Sources */ = {isa = PBXBuildFile; fileRef = 7ED4B7B41F4FF4900065A94F /* DYBaseViewController.swift */; };
		7ED4B7BA1F4FF4900065A94F /* DYRootViewController.swift in Sources */ = {isa = PBXBuildFile; fileRef = 7ED4B7B51F4FF4900065A94F /* DYRootViewController.swift */; };
		7ED4B7BC1F4FF4B50065A94F /* DYBaseModel.swift in Sources */ = {isa = PBXBuildFile; fileRef = 7ED4B7BB1F4FF4B50065A94F /* DYBaseModel.swift */; };
		7ED4B7C31F4FF7F20065A94F /* TableViewExt.swift in Sources */ = {isa = PBXBuildFile; fileRef = 7ED4B7C21F4FF7F20065A94F /* TableViewExt.swift */; };
		7ED4B7C51F4FF8070065A94F /* UIViewExt.swift in Sources */ = {isa = PBXBuildFile; fileRef = 7ED4B7C41F4FF8070065A94F /* UIViewExt.swift */; };
		7ED4B7CB1F4FFC410065A94F /* DYHomeViewController.swift in Sources */ = {isa = PBXBuildFile; fileRef = 7ED4B7CA1F4FFC410065A94F /* DYHomeViewController.swift */; };
		7ED4B7CD1F4FFCE80065A94F /* DYGuideViewController.swift in Sources */ = {isa = PBXBuildFile; fileRef = 7ED4B7CC1F4FFCE80065A94F /* DYGuideViewController.swift */; };
		7ED4B7D01F4FFD960065A94F /* UserDefaultExt.swift in Sources */ = {isa = PBXBuildFile; fileRef = 7ED4B7CF1F4FFD960065A94F /* UserDefaultExt.swift */; };
		7ED4B7D71F50097B0065A94F /* DYConstant.swift in Sources */ = {isa = PBXBuildFile; fileRef = 7ED4B7D61F50097B0065A94F /* DYConstant.swift */; };
		7ED4B7D91F500A720065A94F /* UIColorExt.swift in Sources */ = {isa = PBXBuildFile; fileRef = 7ED4B7D81F500A720065A94F /* UIColorExt.swift */; };
		7ED4B7DB1F500A890065A94F /* StringExt.swift in Sources */ = {isa = PBXBuildFile; fileRef = 7ED4B7DA1F500A890065A94F /* StringExt.swift */; };
		7ED4B7E61F500F1F0065A94F /* ArrayExt.swift in Sources */ = {isa = PBXBuildFile; fileRef = 7ED4B7E51F500F1F0065A94F /* ArrayExt.swift */; };
		7ED4B7E81F500F300065A94F /* DictionaryExt.swift in Sources */ = {isa = PBXBuildFile; fileRef = 7ED4B7E71F500F300065A94F /* DictionaryExt.swift */; };
		7ED4B7EA1F500F3B0065A94F /* DateExt.swift in Sources */ = {isa = PBXBuildFile; fileRef = 7ED4B7E91F500F3B0065A94F /* DateExt.swift */; };
		7ED4B7EC1F500F580065A94F /* UIFontExt.swift in Sources */ = {isa = PBXBuildFile; fileRef = 7ED4B7EB1F500F580065A94F /* UIFontExt.swift */; };
		7ED4B7EE1F5011D10065A94F /* UIButtonExt.swift in Sources */ = {isa = PBXBuildFile; fileRef = 7ED4B7ED1F5011D10065A94F /* UIButtonExt.swift */; };
		7ED4B7F51F5015950065A94F /* DYBannerView.swift in Sources */ = {isa = PBXBuildFile; fileRef = 7ED4B7F41F5015950065A94F /* DYBannerView.swift */; };
		7ED4B7F71F502B410065A94F /* TimerExt.swift in Sources */ = {isa = PBXBuildFile; fileRef = 7ED4B7F61F502B410065A94F /* TimerExt.swift */; };
		7ED4B7F91F523CD90065A94F /* DYLaunchViewController.swift in Sources */ = {isa = PBXBuildFile; fileRef = 7ED4B7F81F523CD90065A94F /* DYLaunchViewController.swift */; };
		7ED4B7FB1F523D570065A94F /* LaunchScreen.storyboard in Resources */ = {isa = PBXBuildFile; fileRef = 7ED4B7FA1F523D570065A94F /* LaunchScreen.storyboard */; };
		7EEC91C51F74DFCA00CF9707 /* DYRealmDBServer.swift in Sources */ = {isa = PBXBuildFile; fileRef = 7EEC91C41F74DFCA00CF9707 /* DYRealmDBServer.swift */; };
		7EEC91E81F74F45200CF9707 /* DYProgressView.swift in Sources */ = {isa = PBXBuildFile; fileRef = 7EEC91E71F74F45200CF9707 /* DYProgressView.swift */; };
		7EEEC0611F56B6C500A84B98 /* DYPhotosMenuView.swift in Sources */ = {isa = PBXBuildFile; fileRef = 7EEEC0601F56B6C500A84B98 /* DYPhotosMenuView.swift */; };
		7EEEC0631F56B8C300A84B98 /* DYPhotoPreViewImageCell.swift in Sources */ = {isa = PBXBuildFile; fileRef = 7EEEC0621F56B8C300A84B98 /* DYPhotoPreViewImageCell.swift */; };
		7EEEC0651F56B8EF00A84B98 /* DYPhotoPreviewBaseCell.swift in Sources */ = {isa = PBXBuildFile; fileRef = 7EEEC0641F56B8EF00A84B98 /* DYPhotoPreviewBaseCell.swift */; };
		7EEEC0671F56B91F00A84B98 /* DYPhotoPreviewVideoCell.swift in Sources */ = {isa = PBXBuildFile; fileRef = 7EEEC0661F56B91F00A84B98 /* DYPhotoPreviewVideoCell.swift */; };
		7EEEC0691F57B68700A84B98 /* DYPhotoPreviewModel.swift in Sources */ = {isa = PBXBuildFile; fileRef = 7EEEC0681F57B68700A84B98 /* DYPhotoPreviewModel.swift */; };
		7EEEC06B1F57E9E700A84B98 /* DYPhotoPreViewFlowLayout.swift in Sources */ = {isa = PBXBuildFile; fileRef = 7EEEC06A1F57E9E700A84B98 /* DYPhotoPreViewFlowLayout.swift */; };
/* End PBXBuildFile section */

/* Begin PBXFileReference section */
		7E010F641F58FF8B00D593FC /* DYHUDHelper.swift */ = {isa = PBXFileReference; fileEncoding = 4; lastKnownFileType = sourcecode.swift; path = DYHUDHelper.swift; sourceTree = "<group>"; };
		7E010F661F59164200D593FC /* DYVideoPlayerView.swift */ = {isa = PBXFileReference; fileEncoding = 4; lastKnownFileType = sourcecode.swift; path = DYVideoPlayerView.swift; sourceTree = "<group>"; };
		7E010F6A1F5972FB00D593FC /* DYPhotoPreviewAnimation.swift */ = {isa = PBXFileReference; fileEncoding = 4; lastKnownFileType = sourcecode.swift; path = DYPhotoPreviewAnimation.swift; sourceTree = "<group>"; };
		7E01D3051F5D3C1D000937E4 /* photo_look.png */ = {isa = PBXFileReference; lastKnownFileType = image.png; path = photo_look.png; sourceTree = "<group>"; };
		7E01D3061F5D3C1D000937E4 /* photo_PlaceHolder@2x.png */ = {isa = PBXFileReference; lastKnownFileType = image.png; path = "photo_PlaceHolder@2x.png"; sourceTree = "<group>"; };
		7E01D3071F5D3C1D000937E4 /* photo_videopause@2x.png */ = {isa = PBXFileReference; lastKnownFileType = image.png; path = "photo_videopause@2x.png"; sourceTree = "<group>"; };
		7E01D3081F5D3C1D000937E4 /* photo_videopause@3x.png */ = {isa = PBXFileReference; lastKnownFileType = image.png; path = "photo_videopause@3x.png"; sourceTree = "<group>"; };
		7E01D3091F5D3C1D000937E4 /* photo_videoplay@2x.png */ = {isa = PBXFileReference; lastKnownFileType = image.png; path = "photo_videoplay@2x.png"; sourceTree = "<group>"; };
		7E01D30A1F5D3C1D000937E4 /* photo_videoplay@3x.png */ = {isa = PBXFileReference; lastKnownFileType = image.png; path = "photo_videoplay@3x.png"; sourceTree = "<group>"; };
		7E01D30B1F5D3C1D000937E4 /* photo_videothumb@2x.png */ = {isa = PBXFileReference; lastKnownFileType = image.png; path = "photo_videothumb@2x.png"; sourceTree = "<group>"; };
		7E02BF851F5F9410007BD498 /* DYCloudFileListViewController.swift */ = {isa = PBXFileReference; fileEncoding = 4; lastKnownFileType = sourcecode.swift; path = DYCloudFileListViewController.swift; sourceTree = "<group>"; };
		7E02BF871F5F946B007BD498 /* DYCloudFileModel.swift */ = {isa = PBXFileReference; fileEncoding = 4; lastKnownFileType = sourcecode.swift; path = DYCloudFileModel.swift; sourceTree = "<group>"; };
		7E02BF891F5F9497007BD498 /* DYCloudFileListTableViewCell.swift */ = {isa = PBXFileReference; fileEncoding = 4; lastKnownFileType = sourcecode.swift; path = DYCloudFileListTableViewCell.swift; sourceTree = "<group>"; };
		7E24B7831FEB63EB0016B9F1 /* DYNetConfig.swift */ = {isa = PBXFileReference; lastKnownFileType = sourcecode.swift; path = DYNetConfig.swift; sourceTree = "<group>"; };
		7E24B7851FEB6BA90016B9F1 /* DYApiConfig.swift */ = {isa = PBXFileReference; lastKnownFileType = sourcecode.swift; path = DYApiConfig.swift; sourceTree = "<group>"; };
		7E27373D1FD6702B0003CBDF /* DYAVRecordManager.swift */ = {isa = PBXFileReference; lastKnownFileType = sourcecode.swift; path = DYAVRecordManager.swift; sourceTree = "<group>"; };
		7E27373F1FD674FC0003CBDF /* DYAVRecordEncode.swift */ = {isa = PBXFileReference; lastKnownFileType = sourcecode.swift; path = DYAVRecordEncode.swift; sourceTree = "<group>"; };
		7E313AAB1F53B7B800FC426D /* DYPersonalViewController.swift */ = {isa = PBXFileReference; fileEncoding = 4; lastKnownFileType = sourcecode.swift; path = DYPersonalViewController.swift; sourceTree = "<group>"; };
		7E313AB31F53C7A000FC426D /* DYThirdPlatformKey.swift */ = {isa = PBXFileReference; fileEncoding = 4; lastKnownFileType = sourcecode.swift; path = DYThirdPlatformKey.swift; sourceTree = "<group>"; };
		7E313AB51F53CA2A00FC426D /* DYConfigThirtPlatForm.swift */ = {isa = PBXFileReference; fileEncoding = 4; lastKnownFileType = sourcecode.swift; path = DYConfigThirtPlatForm.swift; sourceTree = "<group>"; };
		7E313ABA1F54071900FC426D /* DYPersonUIModel.swift */ = {isa = PBXFileReference; fileEncoding = 4; lastKnownFileType = sourcecode.swift; name = DYPersonUIModel.swift; path = ../../Home/Model/DYPersonUIModel.swift; sourceTree = "<group>"; };
		7E313ABC1F540EC700FC426D /* DYBaseTableViewCell.swift */ = {isa = PBXFileReference; fileEncoding = 4; lastKnownFileType = sourcecode.swift; path = DYBaseTableViewCell.swift; sourceTree = "<group>"; };
		7E313ABE1F540ED900FC426D /* DYBaseCollectionViewCell.swift */ = {isa = PBXFileReference; fileEncoding = 4; lastKnownFileType = sourcecode.swift; path = DYBaseCollectionViewCell.swift; sourceTree = "<group>"; };
		7E313AC01F5414FF00FC426D /* DYKeychainServer.swift */ = {isa = PBXFileReference; fileEncoding = 4; lastKnownFileType = sourcecode.swift; path = DYKeychainServer.swift; sourceTree = "<group>"; };
		7E313AC21F54168E00FC426D /* DYLocalFilePathServer.swift */ = {isa = PBXFileReference; fileEncoding = 4; lastKnownFileType = sourcecode.swift; path = DYLocalFilePathServer.swift; sourceTree = "<group>"; };
		7E4775F51F54E9900017E7EE /* UITextFieldExt.swift */ = {isa = PBXFileReference; fileEncoding = 4; lastKnownFileType = sourcecode.swift; path = UITextFieldExt.swift; sourceTree = "<group>"; };
		7E4776531F54F82F0017E7EE /* DYAlertViewHelper.swift */ = {isa = PBXFileReference; fileEncoding = 4; lastKnownFileType = sourcecode.swift; path = DYAlertViewHelper.swift; sourceTree = "<group>"; };
		7E4776551F54F8860017E7EE /* DYActionSheetHelper.swift */ = {isa = PBXFileReference; fileEncoding = 4; lastKnownFileType = sourcecode.swift; path = DYActionSheetHelper.swift; sourceTree = "<group>"; };
		7E4776601F553EA80017E7EE /* DYAlbumListViewController.swift */ = {isa = PBXFileReference; fileEncoding = 4; lastKnownFileType = sourcecode.swift; path = DYAlbumListViewController.swift; sourceTree = "<group>"; };
		7E4776611F553EA80017E7EE /* DYPhotoListViewController.swift */ = {isa = PBXFileReference; fileEncoding = 4; lastKnownFileType = sourcecode.swift; path = DYPhotoListViewController.swift; sourceTree = "<group>"; };
		7E4776621F553EA80017E7EE /* DYPhotoPreviewController.swift */ = {isa = PBXFileReference; fileEncoding = 4; lastKnownFileType = sourcecode.swift; path = DYPhotoPreviewController.swift; sourceTree = "<group>"; };
		7E4776641F553EA80017E7EE /* DYPhotosHelper.swift */ = {isa = PBXFileReference; fileEncoding = 4; lastKnownFileType = sourcecode.swift; path = DYPhotosHelper.swift; sourceTree = "<group>"; };
		7E4776661F553EA80017E7EE /* DYAlbumModel.swift */ = {isa = PBXFileReference; fileEncoding = 4; lastKnownFileType = sourcecode.swift; path = DYAlbumModel.swift; sourceTree = "<group>"; };
		7E4776671F553EA80017E7EE /* DYPhotoModel.swift */ = {isa = PBXFileReference; fileEncoding = 4; lastKnownFileType = sourcecode.swift; path = DYPhotoModel.swift; sourceTree = "<group>"; };
		7E4776691F553EA80017E7EE /* DYAlbumListTableViewCell.swift */ = {isa = PBXFileReference; fileEncoding = 4; lastKnownFileType = sourcecode.swift; path = DYAlbumListTableViewCell.swift; sourceTree = "<group>"; };
		7E47766A1F553EA80017E7EE /* DYPhotoListCollectionCell.swift */ = {isa = PBXFileReference; fileEncoding = 4; lastKnownFileType = sourcecode.swift; path = DYPhotoListCollectionCell.swift; sourceTree = "<group>"; };
		7E47766D1F553EA80017E7EE /* WXXFileListViewController.swift */ = {isa = PBXFileReference; fileEncoding = 4; lastKnownFileType = sourcecode.swift; path = WXXFileListViewController.swift; sourceTree = "<group>"; };
		7E47766E1F553EA80017E7EE /* WXXFilePreViewViewController.swift */ = {isa = PBXFileReference; fileEncoding = 4; lastKnownFileType = sourcecode.swift; path = WXXFilePreViewViewController.swift; sourceTree = "<group>"; };
		7E4776701F553EA80017E7EE /* File_delete.png */ = {isa = PBXFileReference; lastKnownFileType = image.png; path = File_delete.png; sourceTree = "<group>"; };
		7E4776711F553EA80017E7EE /* large_ai.png */ = {isa = PBXFileReference; lastKnownFileType = image.png; path = large_ai.png; sourceTree = "<group>"; };
		7E4776721F553EA80017E7EE /* large_ai@2x.png */ = {isa = PBXFileReference; lastKnownFileType = image.png; path = "large_ai@2x.png"; sourceTree = "<group>"; };
		7E4776731F553EA80017E7EE /* large_doc.png */ = {isa = PBXFileReference; lastKnownFileType = image.png; path = large_doc.png; sourceTree = "<group>"; };
		7E4776741F553EA80017E7EE /* large_doc@2x.png */ = {isa = PBXFileReference; lastKnownFileType = image.png; path = "large_doc@2x.png"; sourceTree = "<group>"; };
		7E4776751F553EA80017E7EE /* large_file.png */ = {isa = PBXFileReference; lastKnownFileType = image.png; path = large_file.png; sourceTree = "<group>"; };
		7E4776761F553EA80017E7EE /* large_file@2x.png */ = {isa = PBXFileReference; lastKnownFileType = image.png; path = "large_file@2x.png"; sourceTree = "<group>"; };
		7E4776771F553EA80017E7EE /* large_music.png */ = {isa = PBXFileReference; lastKnownFileType = image.png; path = large_music.png; sourceTree = "<group>"; };
		7E4776781F553EA80017E7EE /* large_music@2x.png */ = {isa = PBXFileReference; lastKnownFileType = image.png; path = "large_music@2x.png"; sourceTree = "<group>"; };
		7E4776791F553EA80017E7EE /* large_pdf.png */ = {isa = PBXFileReference; lastKnownFileType = image.png; path = large_pdf.png; sourceTree = "<group>"; };
		7E47767A1F553EA80017E7EE /* large_pdf@2x.png */ = {isa = PBXFileReference; lastKnownFileType = image.png; path = "large_pdf@2x.png"; sourceTree = "<group>"; };
		7E47767B1F553EA80017E7EE /* large_pic.png */ = {isa = PBXFileReference; lastKnownFileType = image.png; path = large_pic.png; sourceTree = "<group>"; };
		7E47767C1F553EA80017E7EE /* large_pic@2x.png */ = {isa = PBXFileReference; lastKnownFileType = image.png; path = "large_pic@2x.png"; sourceTree = "<group>"; };
		7E47767D1F553EA80017E7EE /* large_ppt.png */ = {isa = PBXFileReference; lastKnownFileType = image.png; path = large_ppt.png; sourceTree = "<group>"; };
		7E47767E1F553EA80017E7EE /* large_ppt@2x.png */ = {isa = PBXFileReference; lastKnownFileType = image.png; path = "large_ppt@2x.png"; sourceTree = "<group>"; };
		7E47767F1F553EA80017E7EE /* large_txt.png */ = {isa = PBXFileReference; lastKnownFileType = image.png; path = large_txt.png; sourceTree = "<group>"; };
		7E4776801F553EA80017E7EE /* large_txt@2x.png */ = {isa = PBXFileReference; lastKnownFileType = image.png; path = "large_txt@2x.png"; sourceTree = "<group>"; };
		7E4776811F553EA80017E7EE /* large_unknown.png */ = {isa = PBXFileReference; lastKnownFileType = image.png; path = large_unknown.png; sourceTree = "<group>"; };
		7E4776821F553EA80017E7EE /* large_unknown@2x.png */ = {isa = PBXFileReference; lastKnownFileType = image.png; path = "large_unknown@2x.png"; sourceTree = "<group>"; };
		7E4776831F553EA80017E7EE /* large_word.png */ = {isa = PBXFileReference; lastKnownFileType = image.png; path = large_word.png; sourceTree = "<group>"; };
		7E4776841F553EA80017E7EE /* large_word@2x.png */ = {isa = PBXFileReference; lastKnownFileType = image.png; path = "large_word@2x.png"; sourceTree = "<group>"; };
		7E4776851F553EA80017E7EE /* large_xls.png */ = {isa = PBXFileReference; lastKnownFileType = image.png; path = large_xls.png; sourceTree = "<group>"; };
		7E4776861F553EA80017E7EE /* large_xls@2x.png */ = {isa = PBXFileReference; lastKnownFileType = image.png; path = "large_xls@2x.png"; sourceTree = "<group>"; };
		7E4776871F553EA80017E7EE /* large_zip.png */ = {isa = PBXFileReference; lastKnownFileType = image.png; path = large_zip.png; sourceTree = "<group>"; };
		7E4776881F553EA80017E7EE /* large_zip@2x.png */ = {isa = PBXFileReference; lastKnownFileType = image.png; path = "large_zip@2x.png"; sourceTree = "<group>"; };
		7E47768A1F553EA80017E7EE /* WXXCellAnimation.swift */ = {isa = PBXFileReference; fileEncoding = 4; lastKnownFileType = sourcecode.swift; path = WXXCellAnimation.swift; sourceTree = "<group>"; };
		7E47768B1F553EA80017E7EE /* WXXFileListModel.swift */ = {isa = PBXFileReference; fileEncoding = 4; lastKnownFileType = sourcecode.swift; path = WXXFileListModel.swift; sourceTree = "<group>"; };
		7E47768C1F553EA80017E7EE /* WXXFileServer.swift */ = {isa = PBXFileReference; fileEncoding = 4; lastKnownFileType = sourcecode.swift; path = WXXFileServer.swift; sourceTree = "<group>"; };
		7E47768F1F553EA80017E7EE /* WXXFileListCollectionViewCell.swift */ = {isa = PBXFileReference; fileEncoding = 4; lastKnownFileType = sourcecode.swift; path = WXXFileListCollectionViewCell.swift; sourceTree = "<group>"; };
		7E4776901F553EA80017E7EE /* WXXFileListCollectionView.swift */ = {isa = PBXFileReference; fileEncoding = 4; lastKnownFileType = sourcecode.swift; path = WXXFileListCollectionView.swift; sourceTree = "<group>"; };
		7E4776921F553EA80017E7EE /* UIDeviceHardware.h */ = {isa = PBXFileReference; fileEncoding = 4; lastKnownFileType = sourcecode.c.h; path = UIDeviceHardware.h; sourceTree = "<group>"; };
		7E4776931F553EA80017E7EE /* UIDeviceHardware.m */ = {isa = PBXFileReference; fileEncoding = 4; lastKnownFileType = sourcecode.c.objc; path = UIDeviceHardware.m; sourceTree = "<group>"; };
		7E4776BD1F5574770017E7EE /* DYPhotosHeader.swift */ = {isa = PBXFileReference; fileEncoding = 4; lastKnownFileType = sourcecode.swift; path = DYPhotosHeader.swift; sourceTree = "<group>"; };
		7E4B4DD31FCD084C0090E6AB /* DYAVKitHelper.swift */ = {isa = PBXFileReference; lastKnownFileType = sourcecode.swift; path = DYAVKitHelper.swift; sourceTree = "<group>"; };
		7E4B4DD61FCD09560090E6AB /* DYAVCaptureView.swift */ = {isa = PBXFileReference; lastKnownFileType = sourcecode.swift; path = DYAVCaptureView.swift; sourceTree = "<group>"; };
		7E4B4DD81FCD09770090E6AB /* DYVideoRecorderController.swift */ = {isa = PBXFileReference; lastKnownFileType = sourcecode.swift; path = DYVideoRecorderController.swift; sourceTree = "<group>"; };
		7E4B4DFA1FCD71DF0090E6AB /* DYCaptureButton.swift */ = {isa = PBXFileReference; fileEncoding = 4; lastKnownFileType = sourcecode.swift; path = DYCaptureButton.swift; sourceTree = "<group>"; };
		7E74A4B41FDF7F120029F616 /* DYPhotoPercentInteractive.swift */ = {isa = PBXFileReference; lastKnownFileType = sourcecode.swift; path = DYPhotoPercentInteractive.swift; sourceTree = "<group>"; };
		7EACB22E1F7DFE97000BD8D9 /* ThreadExt.swift */ = {isa = PBXFileReference; lastKnownFileType = sourcecode.swift; path = ThreadExt.swift; sourceTree = "<group>"; };
		7EB237681F5E783900CDB011 /* DYDownloadListViewController.swift */ = {isa = PBXFileReference; fileEncoding = 4; lastKnownFileType = sourcecode.swift; path = DYDownloadListViewController.swift; sourceTree = "<group>"; };
		7EB2376A1F5E785400CDB011 /* DYDownloadManager.swift */ = {isa = PBXFileReference; fileEncoding = 4; lastKnownFileType = sourcecode.swift; path = DYDownloadManager.swift; sourceTree = "<group>"; };
		7EB2376C1F5E786E00CDB011 /* DYDownloadFileModel.swift */ = {isa = PBXFileReference; fileEncoding = 4; lastKnownFileType = sourcecode.swift; path = DYDownloadFileModel.swift; sourceTree = "<group>"; };
		7EB2376E1F5E788C00CDB011 /* DYDownloadListTableViewCell.swift */ = {isa = PBXFileReference; fileEncoding = 4; lastKnownFileType = sourcecode.swift; path = DYDownloadListTableViewCell.swift; sourceTree = "<group>"; };
		7EC26D331FE1381C0077EDFE /* UIImageExt.swift */ = {isa = PBXFileReference; lastKnownFileType = sourcecode.swift; path = UIImageExt.swift; sourceTree = "<group>"; };
		7ED4B7881F4FD0030065A94F /* Dayang.app */ = {isa = PBXFileReference; explicitFileType = wrapper.application; includeInIndex = 0; path = Dayang.app; sourceTree = BUILT_PRODUCTS_DIR; };
		7ED4B78B1F4FD0030065A94F /* AppDelegate.swift */ = {isa = PBXFileReference; lastKnownFileType = sourcecode.swift; name = AppDelegate.swift; path = ../AppDelegate.swift; sourceTree = "<group>"; };
		7ED4B7921F4FD0030065A94F /* Assets.xcassets */ = {isa = PBXFileReference; lastKnownFileType = folder.assetcatalog; path = Assets.xcassets; sourceTree = "<group>"; };
		7ED4B7971F4FD0030065A94F /* Info.plist */ = {isa = PBXFileReference; lastKnownFileType = text.plist.xml; path = Info.plist; sourceTree = "<group>"; };
		7ED4B7B11F4FF4900065A94F /* DYBaseNavigationController.swift */ = {isa = PBXFileReference; fileEncoding = 4; lastKnownFileType = sourcecode.swift; path = DYBaseNavigationController.swift; sourceTree = "<group>"; };
		7ED4B7B21F4FF4900065A94F /* DYBaseTabBaController.swift */ = {isa = PBXFileReference; fileEncoding = 4; lastKnownFileType = sourcecode.swift; path = DYBaseTabBaController.swift; sourceTree = "<group>"; };
		7ED4B7B31F4FF4900065A94F /* DYBaseTableViewController.swift */ = {isa = PBXFileReference; fileEncoding = 4; lastKnownFileType = sourcecode.swift; path = DYBaseTableViewController.swift; sourceTree = "<group>"; };
		7ED4B7B41F4FF4900065A94F /* DYBaseViewController.swift */ = {isa = PBXFileReference; fileEncoding = 4; lastKnownFileType = sourcecode.swift; path = DYBaseViewController.swift; sourceTree = "<group>"; };
		7ED4B7B51F4FF4900065A94F /* DYRootViewController.swift */ = {isa = PBXFileReference; fileEncoding = 4; lastKnownFileType = sourcecode.swift; path = DYRootViewController.swift; sourceTree = "<group>"; };
		7ED4B7BB1F4FF4B50065A94F /* DYBaseModel.swift */ = {isa = PBXFileReference; fileEncoding = 4; lastKnownFileType = sourcecode.swift; path = DYBaseModel.swift; sourceTree = "<group>"; };
		7ED4B7C21F4FF7F20065A94F /* TableViewExt.swift */ = {isa = PBXFileReference; fileEncoding = 4; lastKnownFileType = sourcecode.swift; path = TableViewExt.swift; sourceTree = "<group>"; };
		7ED4B7C41F4FF8070065A94F /* UIViewExt.swift */ = {isa = PBXFileReference; fileEncoding = 4; lastKnownFileType = sourcecode.swift; path = UIViewExt.swift; sourceTree = "<group>"; };
		7ED4B7CA1F4FFC410065A94F /* DYHomeViewController.swift */ = {isa = PBXFileReference; fileEncoding = 4; lastKnownFileType = sourcecode.swift; path = DYHomeViewController.swift; sourceTree = "<group>"; };
		7ED4B7CC1F4FFCE80065A94F /* DYGuideViewController.swift */ = {isa = PBXFileReference; fileEncoding = 4; lastKnownFileType = sourcecode.swift; path = DYGuideViewController.swift; sourceTree = "<group>"; };
		7ED4B7CF1F4FFD960065A94F /* UserDefaultExt.swift */ = {isa = PBXFileReference; fileEncoding = 4; lastKnownFileType = sourcecode.swift; path = UserDefaultExt.swift; sourceTree = "<group>"; };
		7ED4B7D61F50097B0065A94F /* DYConstant.swift */ = {isa = PBXFileReference; fileEncoding = 4; lastKnownFileType = sourcecode.swift; path = DYConstant.swift; sourceTree = "<group>"; };
		7ED4B7D81F500A720065A94F /* UIColorExt.swift */ = {isa = PBXFileReference; fileEncoding = 4; lastKnownFileType = sourcecode.swift; path = UIColorExt.swift; sourceTree = "<group>"; };
		7ED4B7DA1F500A890065A94F /* StringExt.swift */ = {isa = PBXFileReference; fileEncoding = 4; lastKnownFileType = sourcecode.swift; path = StringExt.swift; sourceTree = "<group>"; };
		7ED4B7E41F500BEF0065A94F /* Dayang-Bridging-Header.h */ = {isa = PBXFileReference; lastKnownFileType = sourcecode.c.h; path = "Dayang-Bridging-Header.h"; sourceTree = "<group>"; };
		7ED4B7E51F500F1F0065A94F /* ArrayExt.swift */ = {isa = PBXFileReference; fileEncoding = 4; lastKnownFileType = sourcecode.swift; path = ArrayExt.swift; sourceTree = "<group>"; };
		7ED4B7E71F500F300065A94F /* DictionaryExt.swift */ = {isa = PBXFileReference; fileEncoding = 4; lastKnownFileType = sourcecode.swift; path = DictionaryExt.swift; sourceTree = "<group>"; };
		7ED4B7E91F500F3B0065A94F /* DateExt.swift */ = {isa = PBXFileReference; fileEncoding = 4; lastKnownFileType = sourcecode.swift; path = DateExt.swift; sourceTree = "<group>"; };
		7ED4B7EB1F500F580065A94F /* UIFontExt.swift */ = {isa = PBXFileReference; fileEncoding = 4; lastKnownFileType = sourcecode.swift; path = UIFontExt.swift; sourceTree = "<group>"; };
		7ED4B7ED1F5011D10065A94F /* UIButtonExt.swift */ = {isa = PBXFileReference; fileEncoding = 4; lastKnownFileType = sourcecode.swift; path = UIButtonExt.swift; sourceTree = "<group>"; };
		7ED4B7F41F5015950065A94F /* DYBannerView.swift */ = {isa = PBXFileReference; fileEncoding = 4; lastKnownFileType = sourcecode.swift; path = DYBannerView.swift; sourceTree = "<group>"; };
		7ED4B7F61F502B410065A94F /* TimerExt.swift */ = {isa = PBXFileReference; fileEncoding = 4; lastKnownFileType = sourcecode.swift; path = TimerExt.swift; sourceTree = "<group>"; };
		7ED4B7F81F523CD90065A94F /* DYLaunchViewController.swift */ = {isa = PBXFileReference; fileEncoding = 4; lastKnownFileType = sourcecode.swift; path = DYLaunchViewController.swift; sourceTree = "<group>"; };
		7ED4B7FA1F523D570065A94F /* LaunchScreen.storyboard */ = {isa = PBXFileReference; fileEncoding = 4; lastKnownFileType = file.storyboard; path = LaunchScreen.storyboard; sourceTree = "<group>"; };
		7EEC91C41F74DFCA00CF9707 /* DYRealmDBServer.swift */ = {isa = PBXFileReference; lastKnownFileType = sourcecode.swift; path = DYRealmDBServer.swift; sourceTree = "<group>"; };
		7EEC91E71F74F45200CF9707 /* DYProgressView.swift */ = {isa = PBXFileReference; lastKnownFileType = sourcecode.swift; path = DYProgressView.swift; sourceTree = "<group>"; };
		7EEEC0601F56B6C500A84B98 /* DYPhotosMenuView.swift */ = {isa = PBXFileReference; fileEncoding = 4; lastKnownFileType = sourcecode.swift; path = DYPhotosMenuView.swift; sourceTree = "<group>"; };
		7EEEC0621F56B8C300A84B98 /* DYPhotoPreViewImageCell.swift */ = {isa = PBXFileReference; fileEncoding = 4; lastKnownFileType = sourcecode.swift; path = DYPhotoPreViewImageCell.swift; sourceTree = "<group>"; };
		7EEEC0641F56B8EF00A84B98 /* DYPhotoPreviewBaseCell.swift */ = {isa = PBXFileReference; fileEncoding = 4; lastKnownFileType = sourcecode.swift; path = DYPhotoPreviewBaseCell.swift; sourceTree = "<group>"; };
		7EEEC0661F56B91F00A84B98 /* DYPhotoPreviewVideoCell.swift */ = {isa = PBXFileReference; fileEncoding = 4; lastKnownFileType = sourcecode.swift; path = DYPhotoPreviewVideoCell.swift; sourceTree = "<group>"; };
		7EEEC0681F57B68700A84B98 /* DYPhotoPreviewModel.swift */ = {isa = PBXFileReference; fileEncoding = 4; lastKnownFileType = sourcecode.swift; path = DYPhotoPreviewModel.swift; sourceTree = "<group>"; };
		7EEEC06A1F57E9E700A84B98 /* DYPhotoPreViewFlowLayout.swift */ = {isa = PBXFileReference; fileEncoding = 4; lastKnownFileType = sourcecode.swift; path = DYPhotoPreViewFlowLayout.swift; sourceTree = "<group>"; };
		B02EAD214491FEB24E7AE0F0 /* Pods-Dayang.release.xcconfig */ = {isa = PBXFileReference; includeInIndex = 1; lastKnownFileType = text.xcconfig; name = "Pods-Dayang.release.xcconfig"; path = "Pods/Target Support Files/Pods-Dayang/Pods-Dayang.release.xcconfig"; sourceTree = "<group>"; };
		C18F5A411B0E7B201796DAD7 /* Pods-Dayang.debug.xcconfig */ = {isa = PBXFileReference; includeInIndex = 1; lastKnownFileType = text.xcconfig; name = "Pods-Dayang.debug.xcconfig"; path = "Pods/Target Support Files/Pods-Dayang/Pods-Dayang.debug.xcconfig"; sourceTree = "<group>"; };
		C325084A30EAD44F49FCF86B /* Pods_Dayang.framework */ = {isa = PBXFileReference; explicitFileType = wrapper.framework; includeInIndex = 0; path = Pods_Dayang.framework; sourceTree = BUILT_PRODUCTS_DIR; };
/* End PBXFileReference section */

/* Begin PBXFrameworksBuildPhase section */
		7ED4B7851F4FD0030065A94F /* Frameworks */ = {
			isa = PBXFrameworksBuildPhase;
			buildActionMask = 2147483647;
			files = (
				680546A1D10E5FAB51093899 /* Pods_Dayang.framework in Frameworks */,
			);
			runOnlyForDeploymentPostprocessing = 0;
		};
/* End PBXFrameworksBuildPhase section */

/* Begin PBXGroup section */
		34D4D9A69BF6FACE5DA479C2 /* Pods */ = {
			isa = PBXGroup;
			children = (
				C18F5A411B0E7B201796DAD7 /* Pods-Dayang.debug.xcconfig */,
				B02EAD214491FEB24E7AE0F0 /* Pods-Dayang.release.xcconfig */,
			);
			name = Pods;
			sourceTree = "<group>";
		};
		7E01D2F61F5D3A25000937E4 /* Resource */ = {
			isa = PBXGroup;
			children = (
				7E01D3051F5D3C1D000937E4 /* photo_look.png */,
				7E01D3061F5D3C1D000937E4 /* photo_PlaceHolder@2x.png */,
				7E01D3071F5D3C1D000937E4 /* photo_videopause@2x.png */,
				7E01D3081F5D3C1D000937E4 /* photo_videopause@3x.png */,
				7E01D3091F5D3C1D000937E4 /* photo_videoplay@2x.png */,
				7E01D30A1F5D3C1D000937E4 /* photo_videoplay@3x.png */,
				7E01D30B1F5D3C1D000937E4 /* photo_videothumb@2x.png */,
			);
			path = Resource;
			sourceTree = "<group>";
		};
		7E1C169B1F5E4EF800CAC4D9 /* DYFileDownLoad */ = {
			isa = PBXGroup;
			children = (
				7E1C169C1F5E4EF800CAC4D9 /* Controller */,
				7E1C169D1F5E4EF800CAC4D9 /* Helper */,
				7E1C169E1F5E4EF800CAC4D9 /* Model */,
				7E1C169F1F5E4EF800CAC4D9 /* View */,
			);
			path = DYFileDownLoad;
			sourceTree = "<group>";
		};
		7E1C169C1F5E4EF800CAC4D9 /* Controller */ = {
			isa = PBXGroup;
			children = (
				7EB237681F5E783900CDB011 /* DYDownloadListViewController.swift */,
			);
			path = Controller;
			sourceTree = "<group>";
		};
		7E1C169D1F5E4EF800CAC4D9 /* Helper */ = {
			isa = PBXGroup;
			children = (
				7EB2376A1F5E785400CDB011 /* DYDownloadManager.swift */,
			);
			path = Helper;
			sourceTree = "<group>";
		};
		7E1C169E1F5E4EF800CAC4D9 /* Model */ = {
			isa = PBXGroup;
			children = (
				7EB2376C1F5E786E00CDB011 /* DYDownloadFileModel.swift */,
			);
			path = Model;
			sourceTree = "<group>";
		};
		7E1C169F1F5E4EF800CAC4D9 /* View */ = {
			isa = PBXGroup;
			children = (
				7EB2376E1F5E788C00CDB011 /* DYDownloadListTableViewCell.swift */,
				7EEC91E71F74F45200CF9707 /* DYProgressView.swift */,
			);
			path = View;
			sourceTree = "<group>";
		};
		7E313AA71F53B7A500FC426D /* Personal */ = {
			isa = PBXGroup;
			children = (
				7E313AA81F53B7A500FC426D /* Controller */,
				7E313AA91F53B7A500FC426D /* Model */,
				7E313AAA1F53B7A500FC426D /* View */,
			);
			path = Personal;
			sourceTree = "<group>";
		};
		7E313AA81F53B7A500FC426D /* Controller */ = {
			isa = PBXGroup;
			children = (
				7E313AAB1F53B7B800FC426D /* DYPersonalViewController.swift */,
				7E02BF851F5F9410007BD498 /* DYCloudFileListViewController.swift */,
			);
			path = Controller;
			sourceTree = "<group>";
		};
		7E313AA91F53B7A500FC426D /* Model */ = {
			isa = PBXGroup;
			children = (
				7E313ABA1F54071900FC426D /* DYPersonUIModel.swift */,
				7E02BF871F5F946B007BD498 /* DYCloudFileModel.swift */,
			);
			path = Model;
			sourceTree = "<group>";
		};
		7E313AAA1F53B7A500FC426D /* View */ = {
			isa = PBXGroup;
			children = (
				7E02BF891F5F9497007BD498 /* DYCloudFileListTableViewCell.swift */,
			);
			path = View;
			sourceTree = "<group>";
		};
		7E47765D1F553EA80017E7EE /* Lib */ = {
			isa = PBXGroup;
			children = (
				7E6B182D1FEA4D570077C7B2 /* DYNetWork */,
				7E4B4DD01FCD07240090E6AB /* DYAVKit */,
				7E1C169B1F5E4EF800CAC4D9 /* DYFileDownLoad */,
				7E47765E1F553EA80017E7EE /* DYPhotos */,
				7E47766B1F553EA80017E7EE /* DYSandboxFilePreview */,
				7E4776911F553EA80017E7EE /* UIDeviceIdentifier */,
			);
			path = Lib;
			sourceTree = "<group>";
		};
		7E47765E1F553EA80017E7EE /* DYPhotos */ = {
			isa = PBXGroup;
			children = (
				7E01D2F61F5D3A25000937E4 /* Resource */,
				7E47765F1F553EA80017E7EE /* Controller */,
				7E4776631F553EA80017E7EE /* Helper */,
				7E4776651F553EA80017E7EE /* Model */,
				7E4776681F553EA80017E7EE /* View */,
			);
			path = DYPhotos;
			sourceTree = "<group>";
		};
		7E47765F1F553EA80017E7EE /* Controller */ = {
			isa = PBXGroup;
			children = (
				7E4776601F553EA80017E7EE /* DYAlbumListViewController.swift */,
				7E4776611F553EA80017E7EE /* DYPhotoListViewController.swift */,
				7E4776621F553EA80017E7EE /* DYPhotoPreviewController.swift */,
			);
			path = Controller;
			sourceTree = "<group>";
		};
		7E4776631F553EA80017E7EE /* Helper */ = {
			isa = PBXGroup;
			children = (
				7E4776641F553EA80017E7EE /* DYPhotosHelper.swift */,
				7E4776BD1F5574770017E7EE /* DYPhotosHeader.swift */,
				7EEEC06A1F57E9E700A84B98 /* DYPhotoPreViewFlowLayout.swift */,
				7E010F6A1F5972FB00D593FC /* DYPhotoPreviewAnimation.swift */,
				7E74A4B41FDF7F120029F616 /* DYPhotoPercentInteractive.swift */,
			);
			path = Helper;
			sourceTree = "<group>";
		};
		7E4776651F553EA80017E7EE /* Model */ = {
			isa = PBXGroup;
			children = (
				7E4776661F553EA80017E7EE /* DYAlbumModel.swift */,
				7E4776671F553EA80017E7EE /* DYPhotoModel.swift */,
				7EEEC0681F57B68700A84B98 /* DYPhotoPreviewModel.swift */,
			);
			path = Model;
			sourceTree = "<group>";
		};
		7E4776681F553EA80017E7EE /* View */ = {
			isa = PBXGroup;
			children = (
				7E4776691F553EA80017E7EE /* DYAlbumListTableViewCell.swift */,
				7E47766A1F553EA80017E7EE /* DYPhotoListCollectionCell.swift */,
				7EEEC0601F56B6C500A84B98 /* DYPhotosMenuView.swift */,
				7EEEC0641F56B8EF00A84B98 /* DYPhotoPreviewBaseCell.swift */,
				7EEEC0621F56B8C300A84B98 /* DYPhotoPreViewImageCell.swift */,
				7EEEC0661F56B91F00A84B98 /* DYPhotoPreviewVideoCell.swift */,
				7E010F661F59164200D593FC /* DYVideoPlayerView.swift */,
			);
			path = View;
			sourceTree = "<group>";
		};
		7E47766B1F553EA80017E7EE /* DYSandboxFilePreview */ = {
			isa = PBXGroup;
			children = (
				7E47766C1F553EA80017E7EE /* Controller */,
				7E47766F1F553EA80017E7EE /* Image */,
				7E4776891F553EA80017E7EE /* Model */,
				7E47768D1F553EA80017E7EE /* View */,
			);
			path = DYSandboxFilePreview;
			sourceTree = "<group>";
		};
		7E47766C1F553EA80017E7EE /* Controller */ = {
			isa = PBXGroup;
			children = (
				7E47766D1F553EA80017E7EE /* WXXFileListViewController.swift */,
				7E47766E1F553EA80017E7EE /* WXXFilePreViewViewController.swift */,
			);
			path = Controller;
			sourceTree = "<group>";
		};
		7E47766F1F553EA80017E7EE /* Image */ = {
			isa = PBXGroup;
			children = (
				7E4776701F553EA80017E7EE /* File_delete.png */,
				7E4776711F553EA80017E7EE /* large_ai.png */,
				7E4776721F553EA80017E7EE /* large_ai@2x.png */,
				7E4776731F553EA80017E7EE /* large_doc.png */,
				7E4776741F553EA80017E7EE /* large_doc@2x.png */,
				7E4776751F553EA80017E7EE /* large_file.png */,
				7E4776761F553EA80017E7EE /* large_file@2x.png */,
				7E4776771F553EA80017E7EE /* large_music.png */,
				7E4776781F553EA80017E7EE /* large_music@2x.png */,
				7E4776791F553EA80017E7EE /* large_pdf.png */,
				7E47767A1F553EA80017E7EE /* large_pdf@2x.png */,
				7E47767B1F553EA80017E7EE /* large_pic.png */,
				7E47767C1F553EA80017E7EE /* large_pic@2x.png */,
				7E47767D1F553EA80017E7EE /* large_ppt.png */,
				7E47767E1F553EA80017E7EE /* large_ppt@2x.png */,
				7E47767F1F553EA80017E7EE /* large_txt.png */,
				7E4776801F553EA80017E7EE /* large_txt@2x.png */,
				7E4776811F553EA80017E7EE /* large_unknown.png */,
				7E4776821F553EA80017E7EE /* large_unknown@2x.png */,
				7E4776831F553EA80017E7EE /* large_word.png */,
				7E4776841F553EA80017E7EE /* large_word@2x.png */,
				7E4776851F553EA80017E7EE /* large_xls.png */,
				7E4776861F553EA80017E7EE /* large_xls@2x.png */,
				7E4776871F553EA80017E7EE /* large_zip.png */,
				7E4776881F553EA80017E7EE /* large_zip@2x.png */,
			);
			path = Image;
			sourceTree = "<group>";
		};
		7E4776891F553EA80017E7EE /* Model */ = {
			isa = PBXGroup;
			children = (
				7E47768A1F553EA80017E7EE /* WXXCellAnimation.swift */,
				7E47768B1F553EA80017E7EE /* WXXFileListModel.swift */,
				7E47768C1F553EA80017E7EE /* WXXFileServer.swift */,
			);
			path = Model;
			sourceTree = "<group>";
		};
		7E47768D1F553EA80017E7EE /* View */ = {
			isa = PBXGroup;
			children = (
				7E47768E1F553EA80017E7EE /* cell */,
				7E4776901F553EA80017E7EE /* WXXFileListCollectionView.swift */,
			);
			path = View;
			sourceTree = "<group>";
		};
		7E47768E1F553EA80017E7EE /* cell */ = {
			isa = PBXGroup;
			children = (
				7E47768F1F553EA80017E7EE /* WXXFileListCollectionViewCell.swift */,
			);
			path = cell;
			sourceTree = "<group>";
		};
		7E4776911F553EA80017E7EE /* UIDeviceIdentifier */ = {
			isa = PBXGroup;
			children = (
				7E4776921F553EA80017E7EE /* UIDeviceHardware.h */,
				7E4776931F553EA80017E7EE /* UIDeviceHardware.m */,
			);
			path = UIDeviceIdentifier;
			sourceTree = "<group>";
		};
		7E4B4DD01FCD07240090E6AB /* DYAVKit */ = {
			isa = PBXGroup;
			children = (
				7E4B4DD51FCD08FA0090E6AB /* View */,
				7E4B4DD21FCD07540090E6AB /* Controller */,
				7E4B4DD11FCD07400090E6AB /* Helper */,
			);
			path = DYAVKit;
			sourceTree = "<group>";
		};
		7E4B4DD11FCD07400090E6AB /* Helper */ = {
			isa = PBXGroup;
			children = (
				7E4B4DD31FCD084C0090E6AB /* DYAVKitHelper.swift */,
				7E27373D1FD6702B0003CBDF /* DYAVRecordManager.swift */,
				7E27373F1FD674FC0003CBDF /* DYAVRecordEncode.swift */,
			);
			path = Helper;
			sourceTree = "<group>";
		};
		7E4B4DD21FCD07540090E6AB /* Controller */ = {
			isa = PBXGroup;
			children = (
				7E4B4DD81FCD09770090E6AB /* DYVideoRecorderController.swift */,
			);
			path = Controller;
			sourceTree = "<group>";
		};
		7E4B4DD51FCD08FA0090E6AB /* View */ = {
			isa = PBXGroup;
			children = (
				7E4B4DFA1FCD71DF0090E6AB /* DYCaptureButton.swift */,
				7E4B4DD61FCD09560090E6AB /* DYAVCaptureView.swift */,
			);
			path = View;
			sourceTree = "<group>";
		};
		7E6B182D1FEA4D570077C7B2 /* DYNetWork */ = {
			isa = PBXGroup;
			children = (
				7E24B7831FEB63EB0016B9F1 /* DYNetConfig.swift */,
			);
			path = DYNetWork;
			sourceTree = "<group>";
		};
		7ED4B77F1F4FD0030065A94F = {
			isa = PBXGroup;
			children = (
				7ED4B78A1F4FD0030065A94F /* Dayang */,
				7ED4B7891F4FD0030065A94F /* Products */,
				34D4D9A69BF6FACE5DA479C2 /* Pods */,
				F4800CB2793455925B9D0E82 /* Frameworks */,
			);
			sourceTree = "<group>";
		};
		7ED4B7891F4FD0030065A94F /* Products */ = {
			isa = PBXGroup;
			children = (
				7ED4B7881F4FD0030065A94F /* Dayang.app */,
			);
			name = Products;
			sourceTree = "<group>";
		};
		7ED4B78A1F4FD0030065A94F /* Dayang */ = {
			isa = PBXGroup;
			children = (
				7ED4B79E1F4FD0C70065A94F /* Base */,
				7ED4B7D51F50095A0065A94F /* Configuration */,
				7ED4B79F1F4FD0C70065A94F /* Class */,
				7ED4B7A11F4FD1820065A94F /* Servers */,
				7ED4B79D1F4FD0C70065A94F /* Extention */,
				7ED4B7EF1F5015670065A94F /* Until */,
				7E47765D1F553EA80017E7EE /* Lib */,
				7ED4B7E31F500BA10065A94F /* Supporting Files */,
			);
			path = Dayang;
			sourceTree = "<group>";
		};
		7ED4B79D1F4FD0C70065A94F /* Extention */ = {
			isa = PBXGroup;
			children = (
				7ED4B7CE1F4FFD780065A94F /* UIKitExt */,
				7ED4B7C11F4FF7F20065A94F /* UIView */,
			);
			path = Extention;
			sourceTree = "<group>";
		};
		7ED4B79E1F4FD0C70065A94F /* Base */ = {
			isa = PBXGroup;
			children = (
				7ED4B78B1F4FD0030065A94F /* AppDelegate.swift */,
				7ED4B7AE1F4FF4900065A94F /* BaseCell */,
				7ED4B7AF1F4FF4900065A94F /* BaseModel */,
				7ED4B7B01F4FF4900065A94F /* BaseController */,
			);
			path = Base;
			sourceTree = "<group>";
		};
		7ED4B79F1F4FD0C70065A94F /* Class */ = {
			isa = PBXGroup;
			children = (
				7ED4B7C61F4FFC210065A94F /* Home */,
				7E313AA71F53B7A500FC426D /* Personal */,
			);
			path = Class;
			sourceTree = "<group>";
		};
		7ED4B7A11F4FD1820065A94F /* Servers */ = {
			isa = PBXGroup;
			children = (
				7E313AC01F5414FF00FC426D /* DYKeychainServer.swift */,
				7E313AC21F54168E00FC426D /* DYLocalFilePathServer.swift */,
				7E4776531F54F82F0017E7EE /* DYAlertViewHelper.swift */,
				7E4776551F54F8860017E7EE /* DYActionSheetHelper.swift */,
				7E010F641F58FF8B00D593FC /* DYHUDHelper.swift */,
				7EEC91C41F74DFCA00CF9707 /* DYRealmDBServer.swift */,
			);
			path = Servers;
			sourceTree = "<group>";
		};
		7ED4B7AE1F4FF4900065A94F /* BaseCell */ = {
			isa = PBXGroup;
			children = (
				7E313ABC1F540EC700FC426D /* DYBaseTableViewCell.swift */,
				7E313ABE1F540ED900FC426D /* DYBaseCollectionViewCell.swift */,
			);
			path = BaseCell;
			sourceTree = "<group>";
		};
		7ED4B7AF1F4FF4900065A94F /* BaseModel */ = {
			isa = PBXGroup;
			children = (
				7ED4B7BB1F4FF4B50065A94F /* DYBaseModel.swift */,
			);
			path = BaseModel;
			sourceTree = "<group>";
		};
		7ED4B7B01F4FF4900065A94F /* BaseController */ = {
			isa = PBXGroup;
			children = (
				7ED4B7B11F4FF4900065A94F /* DYBaseNavigationController.swift */,
				7ED4B7B21F4FF4900065A94F /* DYBaseTabBaController.swift */,
				7ED4B7B31F4FF4900065A94F /* DYBaseTableViewController.swift */,
				7ED4B7B41F4FF4900065A94F /* DYBaseViewController.swift */,
				7ED4B7B51F4FF4900065A94F /* DYRootViewController.swift */,
				7ED4B7CC1F4FFCE80065A94F /* DYGuideViewController.swift */,
				7ED4B7F81F523CD90065A94F /* DYLaunchViewController.swift */,
			);
			path = BaseController;
			sourceTree = "<group>";
		};
		7ED4B7C11F4FF7F20065A94F /* UIView */ = {
			isa = PBXGroup;
			children = (
				7ED4B7C21F4FF7F20065A94F /* TableViewExt.swift */,
				7ED4B7C41F4FF8070065A94F /* UIViewExt.swift */,
				7ED4B7ED1F5011D10065A94F /* UIButtonExt.swift */,
				7E4775F51F54E9900017E7EE /* UITextFieldExt.swift */,
			);
			path = UIView;
			sourceTree = "<group>";
		};
		7ED4B7C61F4FFC210065A94F /* Home */ = {
			isa = PBXGroup;
			children = (
				7ED4B7C71F4FFC210065A94F /* Controller */,
				7ED4B7C81F4FFC210065A94F /* Model */,
				7ED4B7C91F4FFC210065A94F /* View */,
			);
			path = Home;
			sourceTree = "<group>";
		};
		7ED4B7C71F4FFC210065A94F /* Controller */ = {
			isa = PBXGroup;
			children = (
				7ED4B7CA1F4FFC410065A94F /* DYHomeViewController.swift */,
			);
			path = Controller;
			sourceTree = "<group>";
		};
		7ED4B7C81F4FFC210065A94F /* Model */ = {
			isa = PBXGroup;
			children = (
			);
			path = Model;
			sourceTree = "<group>";
		};
		7ED4B7C91F4FFC210065A94F /* View */ = {
			isa = PBXGroup;
			children = (
			);
			path = View;
			sourceTree = "<group>";
		};
		7ED4B7CE1F4FFD780065A94F /* UIKitExt */ = {
			isa = PBXGroup;
			children = (
				7ED4B7CF1F4FFD960065A94F /* UserDefaultExt.swift */,
				7ED4B7D81F500A720065A94F /* UIColorExt.swift */,
				7ED4B7EB1F500F580065A94F /* UIFontExt.swift */,
				7ED4B7DA1F500A890065A94F /* StringExt.swift */,
				7ED4B7E51F500F1F0065A94F /* ArrayExt.swift */,
				7ED4B7E71F500F300065A94F /* DictionaryExt.swift */,
				7ED4B7E91F500F3B0065A94F /* DateExt.swift */,
				7ED4B7F61F502B410065A94F /* TimerExt.swift */,
				7EACB22E1F7DFE97000BD8D9 /* ThreadExt.swift */,
				7EC26D331FE1381C0077EDFE /* UIImageExt.swift */,
			);
			path = UIKitExt;
			sourceTree = "<group>";
		};
		7ED4B7D51F50095A0065A94F /* Configuration */ = {
			isa = PBXGroup;
			children = (
				7ED4B7D61F50097B0065A94F /* DYConstant.swift */,
				7E313AB31F53C7A000FC426D /* DYThirdPlatformKey.swift */,
				7E313AB51F53CA2A00FC426D /* DYConfigThirtPlatForm.swift */,
				7E24B7851FEB6BA90016B9F1 /* DYApiConfig.swift */,
			);
			path = Configuration;
			sourceTree = "<group>";
		};
		7ED4B7E31F500BA10065A94F /* Supporting Files */ = {
			isa = PBXGroup;
			children = (
				7ED4B7921F4FD0030065A94F /* Assets.xcassets */,
				7ED4B7971F4FD0030065A94F /* Info.plist */,
				7ED4B7E41F500BEF0065A94F /* Dayang-Bridging-Header.h */,
				7ED4B7FA1F523D570065A94F /* LaunchScreen.storyboard */,
			);
			name = "Supporting Files";
			sourceTree = "<group>";
		};
		7ED4B7EF1F5015670065A94F /* Until */ = {
			isa = PBXGroup;
			children = (
				7ED4B7F01F5015670065A94F /* DYBannerView */,
			);
			path = Until;
			sourceTree = "<group>";
		};
		7ED4B7F01F5015670065A94F /* DYBannerView */ = {
			isa = PBXGroup;
			children = (
				7ED4B7F41F5015950065A94F /* DYBannerView.swift */,
			);
			path = DYBannerView;
			sourceTree = "<group>";
		};
		F4800CB2793455925B9D0E82 /* Frameworks */ = {
			isa = PBXGroup;
			children = (
				C325084A30EAD44F49FCF86B /* Pods_Dayang.framework */,
			);
			name = Frameworks;
			sourceTree = "<group>";
		};
/* End PBXGroup section */

/* Begin PBXNativeTarget section */
		7ED4B7871F4FD0030065A94F /* Dayang */ = {
			isa = PBXNativeTarget;
			buildConfigurationList = 7ED4B79A1F4FD0030065A94F /* Build configuration list for PBXNativeTarget "Dayang" */;
			buildPhases = (
				D1C55061623BB16EF08340E9 /* [CP] Check Pods Manifest.lock */,
				7ED4B7841F4FD0030065A94F /* Sources */,
				7ED4B7851F4FD0030065A94F /* Frameworks */,
				7ED4B7861F4FD0030065A94F /* Resources */,
				D5322C678070667D994E9C57 /* [CP] Embed Pods Frameworks */,
				A82849AF160988A86788476F /* [CP] Copy Pods Resources */,
			);
			buildRules = (
			);
			dependencies = (
			);
			name = Dayang;
			productName = Dayang;
			productReference = 7ED4B7881F4FD0030065A94F /* Dayang.app */;
			productType = "com.apple.product-type.application";
		};
/* End PBXNativeTarget section */

/* Begin PBXProject section */
		7ED4B7801F4FD0030065A94F /* Project object */ = {
			isa = PBXProject;
			attributes = {
				CLASSPREFIX = DY;
				LastSwiftUpdateCheck = 0830;
				LastUpgradeCheck = 0900;
				ORGANIZATIONNAME = "田向阳";
				TargetAttributes = {
					7ED4B7871F4FD0030065A94F = {
						CreatedOnToolsVersion = 8.3.3;
						DevelopmentTeam = D47CZT3KBD;
						ProvisioningStyle = Automatic;
					};
				};
			};
			buildConfigurationList = 7ED4B7831F4FD0030065A94F /* Build configuration list for PBXProject "Dayang" */;
			compatibilityVersion = "Xcode 3.2";
			developmentRegion = English;
			hasScannedForEncodings = 0;
			knownRegions = (
				en,
				Base,
			);
			mainGroup = 7ED4B77F1F4FD0030065A94F;
			productRefGroup = 7ED4B7891F4FD0030065A94F /* Products */;
			projectDirPath = "";
			projectRoot = "";
			targets = (
				7ED4B7871F4FD0030065A94F /* Dayang */,
			);
		};
/* End PBXProject section */

/* Begin PBXResourcesBuildPhase section */
		7ED4B7861F4FD0030065A94F /* Resources */ = {
			isa = PBXResourcesBuildPhase;
			buildActionMask = 2147483647;
			files = (
				7E4776A41F553EA80017E7EE /* large_file@2x.png in Resources */,
				7E4776B31F553EA80017E7EE /* large_xls.png in Resources */,
				7ED4B7931F4FD0030065A94F /* Assets.xcassets in Resources */,
				7E4776AF1F553EA80017E7EE /* large_unknown.png in Resources */,
				7E01D3121F5D3C1D000937E4 /* photo_videothumb@2x.png in Resources */,
				7E01D30F1F5D3C1D000937E4 /* photo_videopause@3x.png in Resources */,
				7E4776B01F553EA80017E7EE /* large_unknown@2x.png in Resources */,
				7E4776B61F553EA80017E7EE /* large_zip@2x.png in Resources */,
				7E4776AA1F553EA80017E7EE /* large_pic@2x.png in Resources */,
				7ED4B7FB1F523D570065A94F /* LaunchScreen.storyboard in Resources */,
				7E01D3111F5D3C1D000937E4 /* photo_videoplay@3x.png in Resources */,
				7E01D3101F5D3C1D000937E4 /* photo_videoplay@2x.png in Resources */,
				7E4776AD1F553EA80017E7EE /* large_txt.png in Resources */,
				7E4776B11F553EA80017E7EE /* large_word.png in Resources */,
				7E4776A81F553EA80017E7EE /* large_pdf@2x.png in Resources */,
				7E4776A61F553EA80017E7EE /* large_music@2x.png in Resources */,
				7E4776A71F553EA80017E7EE /* large_pdf.png in Resources */,
				7E4776A51F553EA80017E7EE /* large_music.png in Resources */,
				7E4776AC1F553EA80017E7EE /* large_ppt@2x.png in Resources */,
				7E01D30C1F5D3C1D000937E4 /* photo_look.png in Resources */,
				7E01D30D1F5D3C1D000937E4 /* photo_PlaceHolder@2x.png in Resources */,
				7E4776B41F553EA80017E7EE /* large_xls@2x.png in Resources */,
				7E4776AE1F553EA80017E7EE /* large_txt@2x.png in Resources */,
				7E47769E1F553EA80017E7EE /* File_delete.png in Resources */,
				7E01D30E1F5D3C1D000937E4 /* photo_videopause@2x.png in Resources */,
				7E4776A91F553EA80017E7EE /* large_pic.png in Resources */,
				7E4776A31F553EA80017E7EE /* large_file.png in Resources */,
				7E47769F1F553EA80017E7EE /* large_ai.png in Resources */,
				7E4776A21F553EA80017E7EE /* large_doc@2x.png in Resources */,
				7E4776A11F553EA80017E7EE /* large_doc.png in Resources */,
				7E4776AB1F553EA80017E7EE /* large_ppt.png in Resources */,
				7E4776B51F553EA80017E7EE /* large_zip.png in Resources */,
				7E4776A01F553EA80017E7EE /* large_ai@2x.png in Resources */,
				7E4776B21F553EA80017E7EE /* large_word@2x.png in Resources */,
			);
			runOnlyForDeploymentPostprocessing = 0;
		};
/* End PBXResourcesBuildPhase section */

/* Begin PBXShellScriptBuildPhase section */
		A82849AF160988A86788476F /* [CP] Copy Pods Resources */ = {
			isa = PBXShellScriptBuildPhase;
			buildActionMask = 2147483647;
			files = (
			);
			inputPaths = (
			);
			name = "[CP] Copy Pods Resources";
			outputPaths = (
			);
			runOnlyForDeploymentPostprocessing = 0;
			shellPath = /bin/sh;
			shellScript = "\"${SRCROOT}/Pods/Target Support Files/Pods-Dayang/Pods-Dayang-resources.sh\"\n";
			showEnvVarsInLog = 0;
		};
		D1C55061623BB16EF08340E9 /* [CP] Check Pods Manifest.lock */ = {
			isa = PBXShellScriptBuildPhase;
			buildActionMask = 2147483647;
			files = (
			);
			inputPaths = (
				"${PODS_PODFILE_DIR_PATH}/Podfile.lock",
				"${PODS_ROOT}/Manifest.lock",
			);
			name = "[CP] Check Pods Manifest.lock";
			outputPaths = (
				"$(DERIVED_FILE_DIR)/Pods-Dayang-checkManifestLockResult.txt",
			);
			runOnlyForDeploymentPostprocessing = 0;
			shellPath = /bin/sh;
			shellScript = "diff \"${PODS_PODFILE_DIR_PATH}/Podfile.lock\" \"${PODS_ROOT}/Manifest.lock\" > /dev/null\nif [ $? != 0 ] ; then\n    # print error to STDERR\n    echo \"error: The sandbox is not in sync with the Podfile.lock. Run 'pod install' or update your CocoaPods installation.\" >&2\n    exit 1\nfi\n# This output is used by Xcode 'outputs' to avoid re-running this script phase.\necho \"SUCCESS\" > \"${SCRIPT_OUTPUT_FILE_0}\"\n";
			showEnvVarsInLog = 0;
		};
		D5322C678070667D994E9C57 /* [CP] Embed Pods Frameworks */ = {
			isa = PBXShellScriptBuildPhase;
			buildActionMask = 2147483647;
			files = (
			);
			inputPaths = (
				"${SRCROOT}/Pods/Target Support Files/Pods-Dayang/Pods-Dayang-frameworks.sh",
				"${BUILT_PRODUCTS_DIR}/Alamofire/Alamofire.framework",
				"${BUILT_PRODUCTS_DIR}/IQKeyboardManagerSwift/IQKeyboardManagerSwift.framework",
				"${BUILT_PRODUCTS_DIR}/KeychainAccess/KeychainAccess.framework",
				"${BUILT_PRODUCTS_DIR}/Kingfisher/Kingfisher.framework",
				"${BUILT_PRODUCTS_DIR}/MJRefresh/MJRefresh.framework",
				"${BUILT_PRODUCTS_DIR}/PKHUD/PKHUD.framework",
				"${BUILT_PRODUCTS_DIR}/PromiseKit/PromiseKit.framework",
				"${BUILT_PRODUCTS_DIR}/ReactiveCocoa/ReactiveCocoa.framework",
				"${BUILT_PRODUCTS_DIR}/ReactiveSwift/ReactiveSwift.framework",
				"${BUILT_PRODUCTS_DIR}/Realm/Realm.framework",
				"${BUILT_PRODUCTS_DIR}/RealmSwift/RealmSwift.framework",
				"${BUILT_PRODUCTS_DIR}/Result/Result.framework",
				"${BUILT_PRODUCTS_DIR}/SnapKit/SnapKit.framework",
			);
			name = "[CP] Embed Pods Frameworks";
			outputPaths = (
				"${TARGET_BUILD_DIR}/${FRAMEWORKS_FOLDER_PATH}/Alamofire.framework",
				"${TARGET_BUILD_DIR}/${FRAMEWORKS_FOLDER_PATH}/IQKeyboardManagerSwift.framework",
				"${TARGET_BUILD_DIR}/${FRAMEWORKS_FOLDER_PATH}/KeychainAccess.framework",
				"${TARGET_BUILD_DIR}/${FRAMEWORKS_FOLDER_PATH}/Kingfisher.framework",
				"${TARGET_BUILD_DIR}/${FRAMEWORKS_FOLDER_PATH}/MJRefresh.framework",
				"${TARGET_BUILD_DIR}/${FRAMEWORKS_FOLDER_PATH}/PKHUD.framework",
				"${TARGET_BUILD_DIR}/${FRAMEWORKS_FOLDER_PATH}/PromiseKit.framework",
				"${TARGET_BUILD_DIR}/${FRAMEWORKS_FOLDER_PATH}/ReactiveCocoa.framework",
				"${TARGET_BUILD_DIR}/${FRAMEWORKS_FOLDER_PATH}/ReactiveSwift.framework",
				"${TARGET_BUILD_DIR}/${FRAMEWORKS_FOLDER_PATH}/Realm.framework",
				"${TARGET_BUILD_DIR}/${FRAMEWORKS_FOLDER_PATH}/RealmSwift.framework",
				"${TARGET_BUILD_DIR}/${FRAMEWORKS_FOLDER_PATH}/Result.framework",
				"${TARGET_BUILD_DIR}/${FRAMEWORKS_FOLDER_PATH}/SnapKit.framework",
			);
			runOnlyForDeploymentPostprocessing = 0;
			shellPath = /bin/sh;
			shellScript = "\"${SRCROOT}/Pods/Target Support Files/Pods-Dayang/Pods-Dayang-frameworks.sh\"\n";
			showEnvVarsInLog = 0;
		};
/* End PBXShellScriptBuildPhase section */

/* Begin PBXSourcesBuildPhase section */
		7ED4B7841F4FD0030065A94F /* Sources */ = {
			isa = PBXSourcesBuildPhase;
			buildActionMask = 2147483647;
			files = (
				7ED4B7CB1F4FFC410065A94F /* DYHomeViewController.swift in Sources */,
				7E313ABF1F540ED900FC426D /* DYBaseCollectionViewCell.swift in Sources */,
				7E47769A1F553EA80017E7EE /* DYAlbumListTableViewCell.swift in Sources */,
				7ED4B7C51F4FF8070065A94F /* UIViewExt.swift in Sources */,
				7ED4B78C1F4FD0030065A94F /* AppDelegate.swift in Sources */,
				7ED4B7CD1F4FFCE80065A94F /* DYGuideViewController.swift in Sources */,
				7EB2376B1F5E785400CDB011 /* DYDownloadManager.swift in Sources */,
				7EB237691F5E783900CDB011 /* DYDownloadListViewController.swift in Sources */,
				7EEEC0691F57B68700A84B98 /* DYPhotoPreviewModel.swift in Sources */,
				7ED4B7EC1F500F580065A94F /* UIFontExt.swift in Sources */,
				7E24B7841FEB63EB0016B9F1 /* DYNetConfig.swift in Sources */,
				7E02BF881F5F946B007BD498 /* DYCloudFileModel.swift in Sources */,
				7E313ABD1F540EC700FC426D /* DYBaseTableViewCell.swift in Sources */,
				7ED4B7DB1F500A890065A94F /* StringExt.swift in Sources */,
				7E47769D1F553EA80017E7EE /* WXXFilePreViewViewController.swift in Sources */,
				7ED4B7D01F4FFD960065A94F /* UserDefaultExt.swift in Sources */,
				7E4776961F553EA80017E7EE /* DYPhotoPreviewController.swift in Sources */,
				7E4776BB1F553EA80017E7EE /* WXXFileListCollectionView.swift in Sources */,
				7E02BF861F5F9410007BD498 /* DYCloudFileListViewController.swift in Sources */,
				7EB2376F1F5E788C00CDB011 /* DYDownloadListTableViewCell.swift in Sources */,
				7ED4B7C31F4FF7F20065A94F /* TableViewExt.swift in Sources */,
				7E313AC31F54168E00FC426D /* DYLocalFilePathServer.swift in Sources */,
				7E2737401FD674FC0003CBDF /* DYAVRecordEncode.swift in Sources */,
				7EEEC0611F56B6C500A84B98 /* DYPhotosMenuView.swift in Sources */,
				7ED4B7D71F50097B0065A94F /* DYConstant.swift in Sources */,
				7E4776991F553EA80017E7EE /* DYPhotoModel.swift in Sources */,
				7E4776971F553EA80017E7EE /* DYPhotosHelper.swift in Sources */,
				7E4776951F553EA80017E7EE /* DYPhotoListViewController.swift in Sources */,
				7EEEC0671F56B91F00A84B98 /* DYPhotoPreviewVideoCell.swift in Sources */,
				7E4B4DD71FCD09560090E6AB /* DYAVCaptureView.swift in Sources */,
				7ED4B7B61F4FF4900065A94F /* DYBaseNavigationController.swift in Sources */,
				7E4776561F54F8860017E7EE /* DYActionSheetHelper.swift in Sources */,
				7E4775F61F54E9900017E7EE /* UITextFieldExt.swift in Sources */,
				7E4B4DD91FCD09770090E6AB /* DYVideoRecorderController.swift in Sources */,
				7ED4B7EA1F500F3B0065A94F /* DateExt.swift in Sources */,
				7ED4B7B71F4FF4900065A94F /* DYBaseTabBaController.swift in Sources */,
				7ED4B7E81F500F300065A94F /* DictionaryExt.swift in Sources */,
				7E4776BA1F553EA80017E7EE /* WXXFileListCollectionViewCell.swift in Sources */,
				7E74A4B51FDF7F120029F616 /* DYPhotoPercentInteractive.swift in Sources */,
				7E4776541F54F82F0017E7EE /* DYAlertViewHelper.swift in Sources */,
				7E4776B71F553EA80017E7EE /* WXXCellAnimation.swift in Sources */,
				7ED4B7F91F523CD90065A94F /* DYLaunchViewController.swift in Sources */,
				7E47769B1F553EA80017E7EE /* DYPhotoListCollectionCell.swift in Sources */,
				7E010F671F59164200D593FC /* DYVideoPlayerView.swift in Sources */,
				7EEC91C51F74DFCA00CF9707 /* DYRealmDBServer.swift in Sources */,
				7EB2376D1F5E786E00CDB011 /* DYDownloadFileModel.swift in Sources */,
				7E47769C1F553EA80017E7EE /* WXXFileListViewController.swift in Sources */,
				7ED4B7BA1F4FF4900065A94F /* DYRootViewController.swift in Sources */,
				7EC26D341FE1381D0077EDFE /* UIImageExt.swift in Sources */,
				7ED4B7B81F4FF4900065A94F /* DYBaseTableViewController.swift in Sources */,
				7ED4B7E61F500F1F0065A94F /* ArrayExt.swift in Sources */,
				7E4B4DFB1FCD71DF0090E6AB /* DYCaptureButton.swift in Sources */,
				7ED4B7F51F5015950065A94F /* DYBannerView.swift in Sources */,
				7ED4B7F71F502B410065A94F /* TimerExt.swift in Sources */,
				7E313AB41F53C7A000FC426D /* DYThirdPlatformKey.swift in Sources */,
				7E4776941F553EA80017E7EE /* DYAlbumListViewController.swift in Sources */,
				7E4776B91F553EA80017E7EE /* WXXFileServer.swift in Sources */,
				7E010F651F58FF8B00D593FC /* DYHUDHelper.swift in Sources */,
				7E313AAC1F53B7B800FC426D /* DYPersonalViewController.swift in Sources */,
				7EEC91E81F74F45200CF9707 /* DYProgressView.swift in Sources */,
				7EEEC0631F56B8C300A84B98 /* DYPhotoPreViewImageCell.swift in Sources */,
				7ED4B7D91F500A720065A94F /* UIColorExt.swift in Sources */,
				7E4776BC1F553EA80017E7EE /* UIDeviceHardware.m in Sources */,
				7E4776981F553EA80017E7EE /* DYAlbumModel.swift in Sources */,
				7E02BF8A1F5F9497007BD498 /* DYCloudFileListTableViewCell.swift in Sources */,
				7E27373E1FD6702B0003CBDF /* DYAVRecordManager.swift in Sources */,
				7E4776B81F553EA80017E7EE /* WXXFileListModel.swift in Sources */,
				7EACB22F1F7DFE97000BD8D9 /* ThreadExt.swift in Sources */,
				7E313AB61F53CA2A00FC426D /* DYConfigThirtPlatForm.swift in Sources */,
				7EEEC0651F56B8EF00A84B98 /* DYPhotoPreviewBaseCell.swift in Sources */,
				7ED4B7BC1F4FF4B50065A94F /* DYBaseModel.swift in Sources */,
				7E4B4DD41FCD084C0090E6AB /* DYAVKitHelper.swift in Sources */,
				7E313ABB1F54071900FC426D /* DYPersonUIModel.swift in Sources */,
				7E24B7861FEB6BA90016B9F1 /* DYApiConfig.swift in Sources */,
				7ED4B7EE1F5011D10065A94F /* UIButtonExt.swift in Sources */,
				7E4776BE1F5574770017E7EE /* DYPhotosHeader.swift in Sources */,
				7ED4B7B91F4FF4900065A94F /* DYBaseViewController.swift in Sources */,
				7E010F6B1F5972FB00D593FC /* DYPhotoPreviewAnimation.swift in Sources */,
				7EEEC06B1F57E9E700A84B98 /* DYPhotoPreViewFlowLayout.swift in Sources */,
				7E313AC11F5414FF00FC426D /* DYKeychainServer.swift in Sources */,
			);
			runOnlyForDeploymentPostprocessing = 0;
		};
/* End PBXSourcesBuildPhase section */

/* Begin XCBuildConfiguration section */
		7ED4B7981F4FD0030065A94F /* Debug */ = {
			isa = XCBuildConfiguration;
			buildSettings = {
				ALWAYS_SEARCH_USER_PATHS = NO;
				CLANG_ANALYZER_NONNULL = YES;
				CLANG_ANALYZER_NUMBER_OBJECT_CONVERSION = YES_AGGRESSIVE;
				CLANG_CXX_LANGUAGE_STANDARD = "gnu++0x";
				CLANG_CXX_LIBRARY = "libc++";
				CLANG_ENABLE_MODULES = YES;
				CLANG_ENABLE_OBJC_ARC = YES;
				CLANG_WARN_BLOCK_CAPTURE_AUTORELEASING = YES;
				CLANG_WARN_BOOL_CONVERSION = YES;
				CLANG_WARN_COMMA = YES;
				CLANG_WARN_CONSTANT_CONVERSION = YES;
				CLANG_WARN_DIRECT_OBJC_ISA_USAGE = YES_ERROR;
				CLANG_WARN_DOCUMENTATION_COMMENTS = YES;
				CLANG_WARN_EMPTY_BODY = YES;
				CLANG_WARN_ENUM_CONVERSION = YES;
				CLANG_WARN_INFINITE_RECURSION = YES;
				CLANG_WARN_INT_CONVERSION = YES;
				CLANG_WARN_NON_LITERAL_NULL_CONVERSION = YES;
				CLANG_WARN_OBJC_LITERAL_CONVERSION = YES;
				CLANG_WARN_OBJC_ROOT_CLASS = YES_ERROR;
				CLANG_WARN_RANGE_LOOP_ANALYSIS = YES;
				CLANG_WARN_STRICT_PROTOTYPES = YES;
				CLANG_WARN_SUSPICIOUS_MOVE = YES;
				CLANG_WARN_UNREACHABLE_CODE = YES;
				CLANG_WARN__DUPLICATE_METHOD_MATCH = YES;
				"CODE_SIGN_IDENTITY[sdk=iphoneos*]" = "iPhone Developer";
				COPY_PHASE_STRIP = NO;
				DEBUG_INFORMATION_FORMAT = dwarf;
				ENABLE_STRICT_OBJC_MSGSEND = YES;
				ENABLE_TESTABILITY = YES;
				GCC_C_LANGUAGE_STANDARD = gnu99;
				GCC_DYNAMIC_NO_PIC = NO;
				GCC_NO_COMMON_BLOCKS = YES;
				GCC_OPTIMIZATION_LEVEL = 0;
				GCC_PREPROCESSOR_DEFINITIONS = (
					"DEBUG=1",
					"$(inherited)",
				);
				GCC_WARN_64_TO_32_BIT_CONVERSION = YES;
				GCC_WARN_ABOUT_RETURN_TYPE = YES_ERROR;
				GCC_WARN_UNDECLARED_SELECTOR = YES;
				GCC_WARN_UNINITIALIZED_AUTOS = YES_AGGRESSIVE;
				GCC_WARN_UNUSED_FUNCTION = YES;
				GCC_WARN_UNUSED_VARIABLE = YES;
				IPHONEOS_DEPLOYMENT_TARGET = 10.3;
				MTL_ENABLE_DEBUG_INFO = YES;
				ONLY_ACTIVE_ARCH = YES;
				SDKROOT = iphoneos;
				SWIFT_ACTIVE_COMPILATION_CONDITIONS = DEBUG;
				SWIFT_OPTIMIZATION_LEVEL = "-Onone";
			};
			name = Debug;
		};
		7ED4B7991F4FD0030065A94F /* Release */ = {
			isa = XCBuildConfiguration;
			buildSettings = {
				ALWAYS_SEARCH_USER_PATHS = NO;
				CLANG_ANALYZER_NONNULL = YES;
				CLANG_ANALYZER_NUMBER_OBJECT_CONVERSION = YES_AGGRESSIVE;
				CLANG_CXX_LANGUAGE_STANDARD = "gnu++0x";
				CLANG_CXX_LIBRARY = "libc++";
				CLANG_ENABLE_MODULES = YES;
				CLANG_ENABLE_OBJC_ARC = YES;
				CLANG_WARN_BLOCK_CAPTURE_AUTORELEASING = YES;
				CLANG_WARN_BOOL_CONVERSION = YES;
				CLANG_WARN_COMMA = YES;
				CLANG_WARN_CONSTANT_CONVERSION = YES;
				CLANG_WARN_DIRECT_OBJC_ISA_USAGE = YES_ERROR;
				CLANG_WARN_DOCUMENTATION_COMMENTS = YES;
				CLANG_WARN_EMPTY_BODY = YES;
				CLANG_WARN_ENUM_CONVERSION = YES;
				CLANG_WARN_INFINITE_RECURSION = YES;
				CLANG_WARN_INT_CONVERSION = YES;
				CLANG_WARN_NON_LITERAL_NULL_CONVERSION = YES;
				CLANG_WARN_OBJC_LITERAL_CONVERSION = YES;
				CLANG_WARN_OBJC_ROOT_CLASS = YES_ERROR;
				CLANG_WARN_RANGE_LOOP_ANALYSIS = YES;
				CLANG_WARN_STRICT_PROTOTYPES = YES;
				CLANG_WARN_SUSPICIOUS_MOVE = YES;
				CLANG_WARN_UNREACHABLE_CODE = YES;
				CLANG_WARN__DUPLICATE_METHOD_MATCH = YES;
				"CODE_SIGN_IDENTITY[sdk=iphoneos*]" = "iPhone Developer";
				COPY_PHASE_STRIP = NO;
				DEBUG_INFORMATION_FORMAT = "dwarf-with-dsym";
				ENABLE_NS_ASSERTIONS = NO;
				ENABLE_STRICT_OBJC_MSGSEND = YES;
				GCC_C_LANGUAGE_STANDARD = gnu99;
				GCC_NO_COMMON_BLOCKS = YES;
				GCC_WARN_64_TO_32_BIT_CONVERSION = YES;
				GCC_WARN_ABOUT_RETURN_TYPE = YES_ERROR;
				GCC_WARN_UNDECLARED_SELECTOR = YES;
				GCC_WARN_UNINITIALIZED_AUTOS = YES_AGGRESSIVE;
				GCC_WARN_UNUSED_FUNCTION = YES;
				GCC_WARN_UNUSED_VARIABLE = YES;
				IPHONEOS_DEPLOYMENT_TARGET = 10.3;
				MTL_ENABLE_DEBUG_INFO = NO;
				SDKROOT = iphoneos;
				SWIFT_OPTIMIZATION_LEVEL = "-Owholemodule";
				VALIDATE_PRODUCT = YES;
			};
			name = Release;
		};
		7ED4B79B1F4FD0030065A94F /* Debug */ = {
			isa = XCBuildConfiguration;
			baseConfigurationReference = C18F5A411B0E7B201796DAD7 /* Pods-Dayang.debug.xcconfig */;
			buildSettings = {
				ASSETCATALOG_COMPILER_APPICON_NAME = AppIcon;
				DEVELOPMENT_TEAM = D47CZT3KBD;
				INFOPLIST_FILE = Dayang/Info.plist;
				IPHONEOS_DEPLOYMENT_TARGET = 8.0;
				LD_RUNPATH_SEARCH_PATHS = "$(inherited) @executable_path/Frameworks";
				OTHER_SWIFT_FLAGS = "$(inherited) \"-D\" \"COCOAPODS\" -D DYDEBUG";
				PRODUCT_BUNDLE_IDENTIFIER = com.wxx.Dayang;
				PRODUCT_NAME = "$(TARGET_NAME)";
				SWIFT_OBJC_BRIDGING_HEADER = "Dayang/Dayang-Bridging-Header.h";
				SWIFT_VERSION = 3.0;
			};
			name = Debug;
		};
		7ED4B79C1F4FD0030065A94F /* Release */ = {
			isa = XCBuildConfiguration;
			baseConfigurationReference = B02EAD214491FEB24E7AE0F0 /* Pods-Dayang.release.xcconfig */;
			buildSettings = {
				ASSETCATALOG_COMPILER_APPICON_NAME = AppIcon;
				DEVELOPMENT_TEAM = D47CZT3KBD;
				INFOPLIST_FILE = Dayang/Info.plist;
				IPHONEOS_DEPLOYMENT_TARGET = 8.0;
				LD_RUNPATH_SEARCH_PATHS = "$(inherited) @executable_path/Frameworks";
				PRODUCT_BUNDLE_IDENTIFIER = com.wxx.Dayang;
				PRODUCT_NAME = "$(TARGET_NAME)";
				SWIFT_OBJC_BRIDGING_HEADER = "Dayang/Dayang-Bridging-Header.h";
				SWIFT_VERSION = 3.0;
			};
			name = Release;
		};
/* End XCBuildConfiguration section */

/* Begin XCConfigurationList section */
		7ED4B7831F4FD0030065A94F /* Build configuration list for PBXProject "Dayang" */ = {
			isa = XCConfigurationList;
			buildConfigurations = (
				7ED4B7981F4FD0030065A94F /* Debug */,
				7ED4B7991F4FD0030065A94F /* Release */,
			);
			defaultConfigurationIsVisible = 0;
			defaultConfigurationName = Release;
		};
		7ED4B79A1F4FD0030065A94F /* Build configuration list for PBXNativeTarget "Dayang" */ = {
			isa = XCConfigurationList;
			buildConfigurations = (
				7ED4B79B1F4FD0030065A94F /* Debug */,
				7ED4B79C1F4FD0030065A94F /* Release */,
			);
			defaultConfigurationIsVisible = 0;
			defaultConfigurationName = Release;
		};
/* End XCConfigurationList section */
	};
	rootObject = 7ED4B7801F4FD0030065A94F /* Project object */;
}
